// !$*UTF8*$!
{
	archiveVersion = 1;
	classes = {
	};
	objectVersion = 56;
	objects = {

/* Begin PBXBuildFile section */
		3CA4D10C2B3B0B2900073990 /* ProfileRouter.swift in Sources */ = {isa = PBXBuildFile; fileRef = 3CA4D10B2B3B0B2900073990 /* ProfileRouter.swift */; };
		3CA4D10E2B3B0B6D00073990 /* ModuleBuilder.swift in Sources */ = {isa = PBXBuildFile; fileRef = 3CA4D10D2B3B0B6D00073990 /* ModuleBuilder.swift */; };
		3CA4D1142B3B0E2200073990 /* EditProfileVC.swift in Sources */ = {isa = PBXBuildFile; fileRef = 3CA4D1132B3B0E2200073990 /* EditProfileVC.swift */; };
		3CA4D1172B3B1B1E00073990 /* ViewBuilder.swift in Sources */ = {isa = PBXBuildFile; fileRef = 3CA4D1162B3B1B1E00073990 /* ViewBuilder.swift */; };
		3CD315DF2B39BF97003035B0 /* UserInfoView.swift in Sources */ = {isa = PBXBuildFile; fileRef = 3CD315DE2B39BF97003035B0 /* UserInfoView.swift */; };
		3CD315E12B39C120003035B0 /* GeneralView.swift in Sources */ = {isa = PBXBuildFile; fileRef = 3CD315E02B39C120003035B0 /* GeneralView.swift */; };
		3CD315E32B39C378003035B0 /* SettingView.swift in Sources */ = {isa = PBXBuildFile; fileRef = 3CD315E22B39C378003035B0 /* SettingView.swift */; };
		3CD315E52B39CF20003035B0 /* MoreView.swift in Sources */ = {isa = PBXBuildFile; fileRef = 3CD315E42B39CF20003035B0 /* MoreView.swift */; };
		3CD315E72B39D2D6003035B0 /* BaseSettingView.swift in Sources */ = {isa = PBXBuildFile; fileRef = 3CD315E62B39D2D6003035B0 /* BaseSettingView.swift */; };
		3CF9046D2B3B2924006E9D51 /* EditProfilePresenter.swift in Sources */ = {isa = PBXBuildFile; fileRef = 3CF9046C2B3B2924006E9D51 /* EditProfilePresenter.swift */; };
		3CF904702B3B2E25006E9D51 /* PolicyVC.swift in Sources */ = {isa = PBXBuildFile; fileRef = 3CF9046F2B3B2E25006E9D51 /* PolicyVC.swift */; };
		3CF904742B3B30FD006E9D51 /* PolicyStorage.swift in Sources */ = {isa = PBXBuildFile; fileRef = 3CF904732B3B30FD006E9D51 /* PolicyStorage.swift */; };
		3CF904762B3B409E006E9D51 /* PolicyPresenter.swift in Sources */ = {isa = PBXBuildFile; fileRef = 3CF904752B3B409E006E9D51 /* PolicyPresenter.swift */; };
		3CF9047B2B3B5D05006E9D51 /* AboutUsVC.swift in Sources */ = {isa = PBXBuildFile; fileRef = 3CF9047A2B3B5D05006E9D51 /* AboutUsVC.swift */; };
		3CF9047E2B3B60CD006E9D51 /* DeveloperCell.swift in Sources */ = {isa = PBXBuildFile; fileRef = 3CF9047D2B3B60CD006E9D51 /* DeveloperCell.swift */; };
		3CF904812B3B8595006E9D51 /* Developer.swift in Sources */ = {isa = PBXBuildFile; fileRef = 3CF904802B3B8595006E9D51 /* Developer.swift */; };
		3CF904832B3B86F7006E9D51 /* AboutUsPresenter.swift in Sources */ = {isa = PBXBuildFile; fileRef = 3CF904822B3B86F7006E9D51 /* AboutUsPresenter.swift */; };
		3CF904862B3C44DB006E9D51 /* Realm in Frameworks */ = {isa = PBXBuildFile; productRef = 3CF904852B3C44DB006E9D51 /* Realm */; };
		3CF904882B3C44DB006E9D51 /* RealmSwift in Frameworks */ = {isa = PBXBuildFile; productRef = 3CF904872B3C44DB006E9D51 /* RealmSwift */; };
		3CF9048C2B3C4526006E9D51 /* StorageManager.swift in Sources */ = {isa = PBXBuildFile; fileRef = 3CF9048B2B3C4526006E9D51 /* StorageManager.swift */; };
		3CF9048F2B3C45F1006E9D51 /* User.swift in Sources */ = {isa = PBXBuildFile; fileRef = 3CF9048E2B3C45F1006E9D51 /* User.swift */; };
		3CF904912B3C7913006E9D51 /* PopularCategoryCell.swift in Sources */ = {isa = PBXBuildFile; fileRef = 3CF904902B3C7913006E9D51 /* PopularCategoryCell.swift */; };
		3CF904932B3C7919006E9D51 /* SearchCell.swift in Sources */ = {isa = PBXBuildFile; fileRef = 3CF904922B3C7919006E9D51 /* SearchCell.swift */; };
		3CF904952B3C791E006E9D51 /* WishlistCell.swift in Sources */ = {isa = PBXBuildFile; fileRef = 3CF904942B3C791E006E9D51 /* WishlistCell.swift */; };
		3CF904982B3D7C72006E9D51 /* Policy.swift in Sources */ = {isa = PBXBuildFile; fileRef = 3CF904972B3D7C72006E9D51 /* Policy.swift */; };
		3CF9049F2B3DD094006E9D51 /* NotificationsVC.swift in Sources */ = {isa = PBXBuildFile; fileRef = 3CF9049E2B3DD094006E9D51 /* NotificationsVC.swift */; };
		3CF904A12B3DD9AA006E9D51 /* NotificationsPresenter.swift in Sources */ = {isa = PBXBuildFile; fileRef = 3CF904A02B3DD9AA006E9D51 /* NotificationsPresenter.swift */; };
		F480942A2B389AE6004C9F96 /* AppDelegate.swift in Sources */ = {isa = PBXBuildFile; fileRef = F48094292B389AE6004C9F96 /* AppDelegate.swift */; };
		F480942C2B389AE6004C9F96 /* SceneDelegate.swift in Sources */ = {isa = PBXBuildFile; fileRef = F480942B2B389AE6004C9F96 /* SceneDelegate.swift */; };
		F480942E2B389AE6004C9F96 /* ViewController.swift in Sources */ = {isa = PBXBuildFile; fileRef = F480942D2B389AE6004C9F96 /* ViewController.swift */; };
		F48094332B389AE7004C9F96 /* Assets.xcassets in Resources */ = {isa = PBXBuildFile; fileRef = F48094322B389AE7004C9F96 /* Assets.xcassets */; };
		F48094362B389AE7004C9F96 /* LaunchScreen.storyboard in Resources */ = {isa = PBXBuildFile; fileRef = F48094342B389AE7004C9F96 /* LaunchScreen.storyboard */; };
		F48094412B389E6F004C9F96 /* UIColor Extension.swift in Sources */ = {isa = PBXBuildFile; fileRef = F48094402B389E6F004C9F96 /* UIColor Extension.swift */; };
		F48094432B38A37A004C9F96 /* UIFont Extension.swift in Sources */ = {isa = PBXBuildFile; fileRef = F48094422B38A37A004C9F96 /* UIFont Extension.swift */; };
		F48094492B38A543004C9F96 /* Montserrat-SemiBold.ttf in Resources */ = {isa = PBXBuildFile; fileRef = F48094462B38A543004C9F96 /* Montserrat-SemiBold.ttf */; };
		F480944A2B38A543004C9F96 /* Montserrat-Medium.ttf in Resources */ = {isa = PBXBuildFile; fileRef = F48094472B38A543004C9F96 /* Montserrat-Medium.ttf */; };
		F480944B2B38A543004C9F96 /* Montserrat-Regular.ttf in Resources */ = {isa = PBXBuildFile; fileRef = F48094482B38A543004C9F96 /* Montserrat-Regular.ttf */; };
		F480944D2B38A616004C9F96 /* UILabel Extension.swift in Sources */ = {isa = PBXBuildFile; fileRef = F480944C2B38A616004C9F96 /* UILabel Extension.swift */; };
		F48094502B38EF35004C9F96 /* SnapKit in Frameworks */ = {isa = PBXBuildFile; productRef = F480944F2B38EF35004C9F96 /* SnapKit */; };
		F48094542B38EFD6004C9F96 /* UIView Extension.swift in Sources */ = {isa = PBXBuildFile; fileRef = F48094532B38EFD6004C9F96 /* UIView Extension.swift */; };
		F48094562B38F113004C9F96 /* UIViewController Extension.swift in Sources */ = {isa = PBXBuildFile; fileRef = F48094552B38F113004C9F96 /* UIViewController Extension.swift */; };
		F480945F2B38F4B2004C9F96 /* PreviewCategoryCell.swift in Sources */ = {isa = PBXBuildFile; fileRef = F480945E2B38F4B2004C9F96 /* PreviewCategoryCell.swift */; };
		F48094612B38F514004C9F96 /* PagesViewController.swift in Sources */ = {isa = PBXBuildFile; fileRef = F48094602B38F514004C9F96 /* PagesViewController.swift */; };
		F48094632B38F547004C9F96 /* Onboarding View Controller.swift in Sources */ = {isa = PBXBuildFile; fileRef = F48094622B38F547004C9F96 /* Onboarding View Controller.swift */; };
		F48094662B38F587004C9F96 /* Custom Tabbar.swift in Sources */ = {isa = PBXBuildFile; fileRef = F48094652B38F587004C9F96 /* Custom Tabbar.swift */; };
		F480946C2B38F600004C9F96 /* HomeViewController.swift in Sources */ = {isa = PBXBuildFile; fileRef = F480946B2B38F600004C9F96 /* HomeViewController.swift */; };
		F480946E2B38F626004C9F96 /* HomePresenter.swift in Sources */ = {isa = PBXBuildFile; fileRef = F480946D2B38F626004C9F96 /* HomePresenter.swift */; };
		F48094762B38F74D004C9F96 /* SearchPresenter.swift in Sources */ = {isa = PBXBuildFile; fileRef = F48094752B38F74D004C9F96 /* SearchPresenter.swift */; };
		F48094782B38F76E004C9F96 /* SearchVC.swift in Sources */ = {isa = PBXBuildFile; fileRef = F48094772B38F76E004C9F96 /* SearchVC.swift */; };
		F480947D2B38F971004C9F96 /* ChristmasTreePresenter.swift in Sources */ = {isa = PBXBuildFile; fileRef = F480947C2B38F971004C9F96 /* ChristmasTreePresenter.swift */; };
		F480947F2B38F9A6004C9F96 /* ChristmasTreeVC.swift in Sources */ = {isa = PBXBuildFile; fileRef = F480947E2B38F9A6004C9F96 /* ChristmasTreeVC.swift */; };
		F48094812B38F9CE004C9F96 /* ChristmasTreeModel.swift in Sources */ = {isa = PBXBuildFile; fileRef = F48094802B38F9CE004C9F96 /* ChristmasTreeModel.swift */; };
		F48094862B38FA2A004C9F96 /* ProfilePresenter.swift in Sources */ = {isa = PBXBuildFile; fileRef = F48094852B38FA2A004C9F96 /* ProfilePresenter.swift */; };
		F48094882B38FA47004C9F96 /* ProfileVC.swift in Sources */ = {isa = PBXBuildFile; fileRef = F48094872B38FA47004C9F96 /* ProfileVC.swift */; };
/* End PBXBuildFile section */

/* Begin PBXFileReference section */
		3CA4D10B2B3B0B2900073990 /* ProfileRouter.swift */ = {isa = PBXFileReference; lastKnownFileType = sourcecode.swift; path = ProfileRouter.swift; sourceTree = "<group>"; };
		3CA4D10D2B3B0B6D00073990 /* ModuleBuilder.swift */ = {isa = PBXFileReference; lastKnownFileType = sourcecode.swift; path = ModuleBuilder.swift; sourceTree = "<group>"; };
		3CA4D1132B3B0E2200073990 /* EditProfileVC.swift */ = {isa = PBXFileReference; lastKnownFileType = sourcecode.swift; path = EditProfileVC.swift; sourceTree = "<group>"; };
		3CA4D1162B3B1B1E00073990 /* ViewBuilder.swift */ = {isa = PBXFileReference; lastKnownFileType = sourcecode.swift; path = ViewBuilder.swift; sourceTree = "<group>"; };
		3CD315DE2B39BF97003035B0 /* UserInfoView.swift */ = {isa = PBXFileReference; lastKnownFileType = sourcecode.swift; path = UserInfoView.swift; sourceTree = "<group>"; };
		3CD315E02B39C120003035B0 /* GeneralView.swift */ = {isa = PBXFileReference; lastKnownFileType = sourcecode.swift; path = GeneralView.swift; sourceTree = "<group>"; };
		3CD315E22B39C378003035B0 /* SettingView.swift */ = {isa = PBXFileReference; lastKnownFileType = sourcecode.swift; path = SettingView.swift; sourceTree = "<group>"; };
		3CD315E42B39CF20003035B0 /* MoreView.swift */ = {isa = PBXFileReference; lastKnownFileType = sourcecode.swift; path = MoreView.swift; sourceTree = "<group>"; };
		3CD315E62B39D2D6003035B0 /* BaseSettingView.swift */ = {isa = PBXFileReference; lastKnownFileType = sourcecode.swift; path = BaseSettingView.swift; sourceTree = "<group>"; };
		3CF9046C2B3B2924006E9D51 /* EditProfilePresenter.swift */ = {isa = PBXFileReference; lastKnownFileType = sourcecode.swift; path = EditProfilePresenter.swift; sourceTree = "<group>"; };
		3CF9046F2B3B2E25006E9D51 /* PolicyVC.swift */ = {isa = PBXFileReference; lastKnownFileType = sourcecode.swift; path = PolicyVC.swift; sourceTree = "<group>"; };
		3CF904732B3B30FD006E9D51 /* PolicyStorage.swift */ = {isa = PBXFileReference; lastKnownFileType = sourcecode.swift; path = PolicyStorage.swift; sourceTree = "<group>"; };
		3CF904752B3B409E006E9D51 /* PolicyPresenter.swift */ = {isa = PBXFileReference; lastKnownFileType = sourcecode.swift; path = PolicyPresenter.swift; sourceTree = "<group>"; };
		3CF9047A2B3B5D05006E9D51 /* AboutUsVC.swift */ = {isa = PBXFileReference; lastKnownFileType = sourcecode.swift; path = AboutUsVC.swift; sourceTree = "<group>"; };
		3CF9047D2B3B60CD006E9D51 /* DeveloperCell.swift */ = {isa = PBXFileReference; lastKnownFileType = sourcecode.swift; path = DeveloperCell.swift; sourceTree = "<group>"; };
		3CF904802B3B8595006E9D51 /* Developer.swift */ = {isa = PBXFileReference; lastKnownFileType = sourcecode.swift; path = Developer.swift; sourceTree = "<group>"; };
		3CF904822B3B86F7006E9D51 /* AboutUsPresenter.swift */ = {isa = PBXFileReference; lastKnownFileType = sourcecode.swift; path = AboutUsPresenter.swift; sourceTree = "<group>"; };
		3CF9048B2B3C4526006E9D51 /* StorageManager.swift */ = {isa = PBXFileReference; lastKnownFileType = sourcecode.swift; path = StorageManager.swift; sourceTree = "<group>"; };
		3CF9048E2B3C45F1006E9D51 /* User.swift */ = {isa = PBXFileReference; lastKnownFileType = sourcecode.swift; path = User.swift; sourceTree = "<group>"; };
		3CF904902B3C7913006E9D51 /* PopularCategoryCell.swift */ = {isa = PBXFileReference; fileEncoding = 4; lastKnownFileType = sourcecode.swift; path = PopularCategoryCell.swift; sourceTree = "<group>"; };
		3CF904922B3C7919006E9D51 /* SearchCell.swift */ = {isa = PBXFileReference; fileEncoding = 4; lastKnownFileType = sourcecode.swift; path = SearchCell.swift; sourceTree = "<group>"; };
		3CF904942B3C791E006E9D51 /* WishlistCell.swift */ = {isa = PBXFileReference; fileEncoding = 4; lastKnownFileType = sourcecode.swift; path = WishlistCell.swift; sourceTree = "<group>"; };
		3CF904972B3D7C72006E9D51 /* Policy.swift */ = {isa = PBXFileReference; lastKnownFileType = sourcecode.swift; path = Policy.swift; sourceTree = "<group>"; };
		3CF9049E2B3DD094006E9D51 /* NotificationsVC.swift */ = {isa = PBXFileReference; lastKnownFileType = sourcecode.swift; path = NotificationsVC.swift; sourceTree = "<group>"; };
		3CF904A02B3DD9AA006E9D51 /* NotificationsPresenter.swift */ = {isa = PBXFileReference; lastKnownFileType = sourcecode.swift; path = NotificationsPresenter.swift; sourceTree = "<group>"; };
		F48094262B389AE6004C9F96 /* MovieApp.app */ = {isa = PBXFileReference; explicitFileType = wrapper.application; includeInIndex = 0; path = MovieApp.app; sourceTree = BUILT_PRODUCTS_DIR; };
		F48094292B389AE6004C9F96 /* AppDelegate.swift */ = {isa = PBXFileReference; lastKnownFileType = sourcecode.swift; path = AppDelegate.swift; sourceTree = "<group>"; };
		F480942B2B389AE6004C9F96 /* SceneDelegate.swift */ = {isa = PBXFileReference; lastKnownFileType = sourcecode.swift; path = SceneDelegate.swift; sourceTree = "<group>"; };
		F480942D2B389AE6004C9F96 /* ViewController.swift */ = {isa = PBXFileReference; lastKnownFileType = sourcecode.swift; path = ViewController.swift; sourceTree = "<group>"; };
		F48094322B389AE7004C9F96 /* Assets.xcassets */ = {isa = PBXFileReference; lastKnownFileType = folder.assetcatalog; path = Assets.xcassets; sourceTree = "<group>"; };
		F48094352B389AE7004C9F96 /* Base */ = {isa = PBXFileReference; lastKnownFileType = file.storyboard; name = Base; path = Base.lproj/LaunchScreen.storyboard; sourceTree = "<group>"; };
		F48094372B389AE7004C9F96 /* Info.plist */ = {isa = PBXFileReference; lastKnownFileType = text.plist.xml; path = Info.plist; sourceTree = "<group>"; };
		F48094402B389E6F004C9F96 /* UIColor Extension.swift */ = {isa = PBXFileReference; lastKnownFileType = sourcecode.swift; path = "UIColor Extension.swift"; sourceTree = "<group>"; };
		F48094422B38A37A004C9F96 /* UIFont Extension.swift */ = {isa = PBXFileReference; lastKnownFileType = sourcecode.swift; path = "UIFont Extension.swift"; sourceTree = "<group>"; };
		F48094462B38A543004C9F96 /* Montserrat-SemiBold.ttf */ = {isa = PBXFileReference; lastKnownFileType = file; path = "Montserrat-SemiBold.ttf"; sourceTree = "<group>"; };
		F48094472B38A543004C9F96 /* Montserrat-Medium.ttf */ = {isa = PBXFileReference; lastKnownFileType = file; path = "Montserrat-Medium.ttf"; sourceTree = "<group>"; };
		F48094482B38A543004C9F96 /* Montserrat-Regular.ttf */ = {isa = PBXFileReference; lastKnownFileType = file; path = "Montserrat-Regular.ttf"; sourceTree = "<group>"; };
		F480944C2B38A616004C9F96 /* UILabel Extension.swift */ = {isa = PBXFileReference; lastKnownFileType = sourcecode.swift; path = "UILabel Extension.swift"; sourceTree = "<group>"; };
		F48094532B38EFD6004C9F96 /* UIView Extension.swift */ = {isa = PBXFileReference; lastKnownFileType = sourcecode.swift; path = "UIView Extension.swift"; sourceTree = "<group>"; };
		F48094552B38F113004C9F96 /* UIViewController Extension.swift */ = {isa = PBXFileReference; lastKnownFileType = sourcecode.swift; path = "UIViewController Extension.swift"; sourceTree = "<group>"; };
		F480945E2B38F4B2004C9F96 /* PreviewCategoryCell.swift */ = {isa = PBXFileReference; lastKnownFileType = sourcecode.swift; path = PreviewCategoryCell.swift; sourceTree = "<group>"; };
		F48094602B38F514004C9F96 /* PagesViewController.swift */ = {isa = PBXFileReference; lastKnownFileType = sourcecode.swift; path = PagesViewController.swift; sourceTree = "<group>"; };
		F48094622B38F547004C9F96 /* Onboarding View Controller.swift */ = {isa = PBXFileReference; lastKnownFileType = sourcecode.swift; path = "Onboarding View Controller.swift"; sourceTree = "<group>"; };
		F48094652B38F587004C9F96 /* Custom Tabbar.swift */ = {isa = PBXFileReference; lastKnownFileType = sourcecode.swift; path = "Custom Tabbar.swift"; sourceTree = "<group>"; };
		F480946B2B38F600004C9F96 /* HomeViewController.swift */ = {isa = PBXFileReference; lastKnownFileType = sourcecode.swift; path = HomeViewController.swift; sourceTree = "<group>"; };
		F480946D2B38F626004C9F96 /* HomePresenter.swift */ = {isa = PBXFileReference; lastKnownFileType = sourcecode.swift; path = HomePresenter.swift; sourceTree = "<group>"; };
		F48094752B38F74D004C9F96 /* SearchPresenter.swift */ = {isa = PBXFileReference; lastKnownFileType = sourcecode.swift; path = SearchPresenter.swift; sourceTree = "<group>"; };
		F48094772B38F76E004C9F96 /* SearchVC.swift */ = {isa = PBXFileReference; lastKnownFileType = sourcecode.swift; path = SearchVC.swift; sourceTree = "<group>"; };
		F480947C2B38F971004C9F96 /* ChristmasTreePresenter.swift */ = {isa = PBXFileReference; lastKnownFileType = sourcecode.swift; path = ChristmasTreePresenter.swift; sourceTree = "<group>"; };
		F480947E2B38F9A6004C9F96 /* ChristmasTreeVC.swift */ = {isa = PBXFileReference; lastKnownFileType = sourcecode.swift; path = ChristmasTreeVC.swift; sourceTree = "<group>"; };
		F48094802B38F9CE004C9F96 /* ChristmasTreeModel.swift */ = {isa = PBXFileReference; lastKnownFileType = sourcecode.swift; path = ChristmasTreeModel.swift; sourceTree = "<group>"; };
		F48094852B38FA2A004C9F96 /* ProfilePresenter.swift */ = {isa = PBXFileReference; lastKnownFileType = sourcecode.swift; path = ProfilePresenter.swift; sourceTree = "<group>"; };
		F48094872B38FA47004C9F96 /* ProfileVC.swift */ = {isa = PBXFileReference; lastKnownFileType = sourcecode.swift; path = ProfileVC.swift; sourceTree = "<group>"; };
/* End PBXFileReference section */

/* Begin PBXFrameworksBuildPhase section */
		F48094232B389AE6004C9F96 /* Frameworks */ = {
			isa = PBXFrameworksBuildPhase;
			buildActionMask = 2147483647;
			files = (
				3CF904882B3C44DB006E9D51 /* RealmSwift in Frameworks */,
				3CF904862B3C44DB006E9D51 /* Realm in Frameworks */,
				F48094502B38EF35004C9F96 /* SnapKit in Frameworks */,
			);
			runOnlyForDeploymentPostprocessing = 0;
		};
/* End PBXFrameworksBuildPhase section */

/* Begin PBXGroup section */
		3C304A4C2B3B0ACE003A88AA /* ModuleBuilder */ = {
			isa = PBXGroup;
			children = (
				3CA4D10D2B3B0B6D00073990 /* ModuleBuilder.swift */,
			);
			path = ModuleBuilder;
			sourceTree = "<group>";
		};
		3C304A4D2B3B0AD6003A88AA /* Router */ = {
			isa = PBXGroup;
			children = (
				3CA4D10B2B3B0B2900073990 /* ProfileRouter.swift */,
			);
			path = Router;
			sourceTree = "<group>";
		};
		3CA4D10F2B3B0DCF00073990 /* MainVC */ = {
			isa = PBXGroup;
			children = (
				F48094822B38F9FF004C9F96 /* Presenter */,
				F48094832B38FA06004C9F96 /* View */,
			);
			path = MainVC;
			sourceTree = "<group>";
		};
		3CA4D1102B3B0DDE00073990 /* EditProfileVC */ = {
			isa = PBXGroup;
			children = (
				3CF9048D2B3C45E7006E9D51 /* Model */,
				3CA4D1152B3B1B1100073990 /* ViewBuilder */,
				3CA4D1122B3B0E0200073990 /* Presenter */,
				3CA4D1112B3B0DF300073990 /* View */,
			);
			path = EditProfileVC;
			sourceTree = "<group>";
		};
		3CA4D1112B3B0DF300073990 /* View */ = {
			isa = PBXGroup;
			children = (
				3CA4D1132B3B0E2200073990 /* EditProfileVC.swift */,
			);
			path = View;
			sourceTree = "<group>";
		};
		3CA4D1122B3B0E0200073990 /* Presenter */ = {
			isa = PBXGroup;
			children = (
				3CF9046C2B3B2924006E9D51 /* EditProfilePresenter.swift */,
			);
			path = Presenter;
			sourceTree = "<group>";
		};
		3CA4D1152B3B1B1100073990 /* ViewBuilder */ = {
			isa = PBXGroup;
			children = (
				3CA4D1162B3B1B1E00073990 /* ViewBuilder.swift */,
			);
			path = ViewBuilder;
			sourceTree = "<group>";
		};
		3CF9046E2B3B2DA3006E9D51 /* PolicyVC */ = {
			isa = PBXGroup;
			children = (
				3CF904732B3B30FD006E9D51 /* PolicyStorage.swift */,
				3CF904962B3D7C69006E9D51 /* Model */,
				3CF904722B3B2E32006E9D51 /* Presenter */,
				3CF904712B3B2E2C006E9D51 /* View */,
			);
			path = PolicyVC;
			sourceTree = "<group>";
		};
		3CF904712B3B2E2C006E9D51 /* View */ = {
			isa = PBXGroup;
			children = (
				3CF9046F2B3B2E25006E9D51 /* PolicyVC.swift */,
			);
			path = View;
			sourceTree = "<group>";
		};
		3CF904722B3B2E32006E9D51 /* Presenter */ = {
			isa = PBXGroup;
			children = (
				3CF904752B3B409E006E9D51 /* PolicyPresenter.swift */,
			);
			path = Presenter;
			sourceTree = "<group>";
		};
		3CF904772B3B5CC3006E9D51 /* AboutUsVC */ = {
			isa = PBXGroup;
			children = (
				3CF9047F2B3B8587006E9D51 /* Model */,
				3CF904792B3B5CD5006E9D51 /* Presenter */,
				3CF904782B3B5CD1006E9D51 /* View */,
			);
			path = AboutUsVC;
			sourceTree = "<group>";
		};
		3CF904782B3B5CD1006E9D51 /* View */ = {
			isa = PBXGroup;
			children = (
				3CF9047C2B3B60B0006E9D51 /* Cell */,
				3CF9047A2B3B5D05006E9D51 /* AboutUsVC.swift */,
			);
			path = View;
			sourceTree = "<group>";
		};
		3CF904792B3B5CD5006E9D51 /* Presenter */ = {
			isa = PBXGroup;
			children = (
				3CF904822B3B86F7006E9D51 /* AboutUsPresenter.swift */,
			);
			path = Presenter;
			sourceTree = "<group>";
		};
		3CF9047C2B3B60B0006E9D51 /* Cell */ = {
			isa = PBXGroup;
			children = (
				3CF9047D2B3B60CD006E9D51 /* DeveloperCell.swift */,
			);
			path = Cell;
			sourceTree = "<group>";
		};
		3CF9047F2B3B8587006E9D51 /* Model */ = {
			isa = PBXGroup;
			children = (
				3CF904802B3B8595006E9D51 /* Developer.swift */,
			);
			path = Model;
			sourceTree = "<group>";
		};
		3CF904892B3C4513006E9D51 /* Services */ = {
			isa = PBXGroup;
			children = (
				3CF9048A2B3C4519006E9D51 /* Realm */,
			);
			path = Services;
			sourceTree = "<group>";
		};
		3CF9048A2B3C4519006E9D51 /* Realm */ = {
			isa = PBXGroup;
			children = (
				3CF9048B2B3C4526006E9D51 /* StorageManager.swift */,
			);
			path = Realm;
			sourceTree = "<group>";
		};
		3CF9048D2B3C45E7006E9D51 /* Model */ = {
			isa = PBXGroup;
			children = (
				3CF9048E2B3C45F1006E9D51 /* User.swift */,
			);
			path = Model;
			sourceTree = "<group>";
		};
		3CF904962B3D7C69006E9D51 /* Model */ = {
			isa = PBXGroup;
			children = (
				3CF904972B3D7C72006E9D51 /* Policy.swift */,
			);
			path = Model;
			sourceTree = "<group>";
		};
		3CF9049B2B3DCF6B006E9D51 /* NotificationsVC */ = {
			isa = PBXGroup;
			children = (
				3CF9049D2B3DCF83006E9D51 /* Presenter */,
				3CF9049C2B3DCF7E006E9D51 /* View */,
			);
			path = NotificationsVC;
			sourceTree = "<group>";
		};
		3CF9049C2B3DCF7E006E9D51 /* View */ = {
			isa = PBXGroup;
			children = (
				3CF9049E2B3DD094006E9D51 /* NotificationsVC.swift */,
			);
			path = View;
			sourceTree = "<group>";
		};
		3CF9049D2B3DCF83006E9D51 /* Presenter */ = {
			isa = PBXGroup;
			children = (
				3CF904A02B3DD9AA006E9D51 /* NotificationsPresenter.swift */,
			);
			path = Presenter;
			sourceTree = "<group>";
		};
		F480941D2B389AE6004C9F96 = {
			isa = PBXGroup;
			children = (
				F48094282B389AE6004C9F96 /* MovieApp */,
				F48094272B389AE6004C9F96 /* Products */,
			);
			sourceTree = "<group>";
		};
		F48094272B389AE6004C9F96 /* Products */ = {
			isa = PBXGroup;
			children = (
				F48094262B389AE6004C9F96 /* MovieApp.app */,
			);
			name = Products;
			sourceTree = "<group>";
		};
		F48094282B389AE6004C9F96 /* MovieApp */ = {
			isa = PBXGroup;
			children = (
				3CF904892B3C4513006E9D51 /* Services */,
				F480943D2B389E2C004C9F96 /* Application */,
				F480945C2B38F496004C9F96 /* Model */,
				F480943F2B389E49004C9F96 /* Moduls */,
				F48094442B38A4D8004C9F96 /* Resources */,
				F480943E2B389E42004C9F96 /* Extensions */,
				F480942D2B389AE6004C9F96 /* ViewController.swift */,
				F48094322B389AE7004C9F96 /* Assets.xcassets */,
				F48094372B389AE7004C9F96 /* Info.plist */,
			);
			path = MovieApp;
			sourceTree = "<group>";
		};
		F480943D2B389E2C004C9F96 /* Application */ = {
			isa = PBXGroup;
			children = (
				F48094292B389AE6004C9F96 /* AppDelegate.swift */,
				F480942B2B389AE6004C9F96 /* SceneDelegate.swift */,
				F48094342B389AE7004C9F96 /* LaunchScreen.storyboard */,
			);
			path = Application;
			sourceTree = "<group>";
		};
		F480943E2B389E42004C9F96 /* Extensions */ = {
			isa = PBXGroup;
			children = (
				F48094402B389E6F004C9F96 /* UIColor Extension.swift */,
				F48094422B38A37A004C9F96 /* UIFont Extension.swift */,
				F480944C2B38A616004C9F96 /* UILabel Extension.swift */,
				F48094532B38EFD6004C9F96 /* UIView Extension.swift */,
				F48094552B38F113004C9F96 /* UIViewController Extension.swift */,
			);
			path = Extensions;
			sourceTree = "<group>";
		};
		F480943F2B389E49004C9F96 /* Moduls */ = {
			isa = PBXGroup;
			children = (
				F48094572B38F424004C9F96 /* Onboarding */,
				F48094642B38F558004C9F96 /* Custom Tabbar */,
				F48094582B38F42E004C9F96 /* Home */,
				F480945A2B38F440004C9F96 /* Search */,
				F480945B2B38F474004C9F96 /* Christmas Tree */,
				F48094592B38F435004C9F96 /* Profile */,
			);
			path = Moduls;
			sourceTree = "<group>";
		};
		F48094442B38A4D8004C9F96 /* Resources */ = {
			isa = PBXGroup;
			children = (
				F48094452B38A4EB004C9F96 /* Fonts */,
			);
			path = Resources;
			sourceTree = "<group>";
		};
		F48094452B38A4EB004C9F96 /* Fonts */ = {
			isa = PBXGroup;
			children = (
				F48094472B38A543004C9F96 /* Montserrat-Medium.ttf */,
				F48094482B38A543004C9F96 /* Montserrat-Regular.ttf */,
				F48094462B38A543004C9F96 /* Montserrat-SemiBold.ttf */,
			);
			path = Fonts;
			sourceTree = "<group>";
		};
		F48094572B38F424004C9F96 /* Onboarding */ = {
			isa = PBXGroup;
			children = (
				F48094602B38F514004C9F96 /* PagesViewController.swift */,
				F48094622B38F547004C9F96 /* Onboarding View Controller.swift */,
			);
			path = Onboarding;
			sourceTree = "<group>";
		};
		F48094582B38F42E004C9F96 /* Home */ = {
			isa = PBXGroup;
			children = (
				F48094702B38F70C004C9F96 /* View */,
				F48094712B38F70F004C9F96 /* Presenter */,
			);
			path = Home;
			sourceTree = "<group>";
		};
		F48094592B38F435004C9F96 /* Profile */ = {
			isa = PBXGroup;
			children = (
				3C304A4D2B3B0AD6003A88AA /* Router */,
				3C304A4C2B3B0ACE003A88AA /* ModuleBuilder */,
				3CA4D10F2B3B0DCF00073990 /* MainVC */,
				3CA4D1102B3B0DDE00073990 /* EditProfileVC */,
				3CF9046E2B3B2DA3006E9D51 /* PolicyVC */,
				3CF904772B3B5CC3006E9D51 /* AboutUsVC */,
				3CF9049B2B3DCF6B006E9D51 /* NotificationsVC */,
			);
			path = Profile;
			sourceTree = "<group>";
		};
		F480945A2B38F440004C9F96 /* Search */ = {
			isa = PBXGroup;
			children = (
				F48094732B38F72F004C9F96 /* View */,
				F48094722B38F72A004C9F96 /* Presenter */,
			);
			path = Search;
			sourceTree = "<group>";
		};
		F480945B2B38F474004C9F96 /* Christmas Tree */ = {
			isa = PBXGroup;
			children = (
				F480947B2B38F951004C9F96 /* Model */,
				F480947A2B38F94D004C9F96 /* View */,
				F48094792B38F947004C9F96 /* Presenter */,
			);
			path = "Christmas Tree";
			sourceTree = "<group>";
		};
		F480945C2B38F496004C9F96 /* Model */ = {
			isa = PBXGroup;
			children = (
				3CF904942B3C791E006E9D51 /* WishlistCell.swift */,
				3CF904922B3C7919006E9D51 /* SearchCell.swift */,
				3CF904902B3C7913006E9D51 /* PopularCategoryCell.swift */,
				F480945E2B38F4B2004C9F96 /* PreviewCategoryCell.swift */,
			);
			path = Model;
			sourceTree = "<group>";
		};
		F48094642B38F558004C9F96 /* Custom Tabbar */ = {
			isa = PBXGroup;
			children = (
				F48094652B38F587004C9F96 /* Custom Tabbar.swift */,
			);
			path = "Custom Tabbar";
			sourceTree = "<group>";
		};
		F48094702B38F70C004C9F96 /* View */ = {
			isa = PBXGroup;
			children = (
				F480946B2B38F600004C9F96 /* HomeViewController.swift */,
			);
			path = View;
			sourceTree = "<group>";
		};
		F48094712B38F70F004C9F96 /* Presenter */ = {
			isa = PBXGroup;
			children = (
				F480946D2B38F626004C9F96 /* HomePresenter.swift */,
			);
			path = Presenter;
			sourceTree = "<group>";
		};
		F48094722B38F72A004C9F96 /* Presenter */ = {
			isa = PBXGroup;
			children = (
				F48094752B38F74D004C9F96 /* SearchPresenter.swift */,
			);
			path = Presenter;
			sourceTree = "<group>";
		};
		F48094732B38F72F004C9F96 /* View */ = {
			isa = PBXGroup;
			children = (
				F48094772B38F76E004C9F96 /* SearchVC.swift */,
			);
			path = View;
			sourceTree = "<group>";
		};
		F48094792B38F947004C9F96 /* Presenter */ = {
			isa = PBXGroup;
			children = (
				F480947C2B38F971004C9F96 /* ChristmasTreePresenter.swift */,
			);
			path = Presenter;
			sourceTree = "<group>";
		};
		F480947A2B38F94D004C9F96 /* View */ = {
			isa = PBXGroup;
			children = (
				F480947E2B38F9A6004C9F96 /* ChristmasTreeVC.swift */,
			);
			path = View;
			sourceTree = "<group>";
		};
		F480947B2B38F951004C9F96 /* Model */ = {
			isa = PBXGroup;
			children = (
				F48094802B38F9CE004C9F96 /* ChristmasTreeModel.swift */,
			);
			path = Model;
			sourceTree = "<group>";
		};
		F48094822B38F9FF004C9F96 /* Presenter */ = {
			isa = PBXGroup;
			children = (
				F48094852B38FA2A004C9F96 /* ProfilePresenter.swift */,
			);
			path = Presenter;
			sourceTree = "<group>";
		};
		F48094832B38FA06004C9F96 /* View */ = {
			isa = PBXGroup;
			children = (
				F48094872B38FA47004C9F96 /* ProfileVC.swift */,
				3CD315DE2B39BF97003035B0 /* UserInfoView.swift */,
				3CD315E62B39D2D6003035B0 /* BaseSettingView.swift */,
				3CD315E02B39C120003035B0 /* GeneralView.swift */,
				3CD315E42B39CF20003035B0 /* MoreView.swift */,
				3CD315E22B39C378003035B0 /* SettingView.swift */,
			);
			path = View;
			sourceTree = "<group>";
		};
/* End PBXGroup section */

/* Begin PBXNativeTarget section */
		F48094252B389AE6004C9F96 /* MovieApp */ = {
			isa = PBXNativeTarget;
			buildConfigurationList = F480943A2B389AE7004C9F96 /* Build configuration list for PBXNativeTarget "MovieApp" */;
			buildPhases = (
				F48094222B389AE6004C9F96 /* Sources */,
				F48094232B389AE6004C9F96 /* Frameworks */,
				F48094242B389AE6004C9F96 /* Resources */,
			);
			buildRules = (
			);
			dependencies = (
			);
			name = MovieApp;
			packageProductDependencies = (
				F480944F2B38EF35004C9F96 /* SnapKit */,
				3CF904852B3C44DB006E9D51 /* Realm */,
				3CF904872B3C44DB006E9D51 /* RealmSwift */,
			);
			productName = MovieApp;
			productReference = F48094262B389AE6004C9F96 /* MovieApp.app */;
			productType = "com.apple.product-type.application";
		};
/* End PBXNativeTarget section */

/* Begin PBXProject section */
		F480941E2B389AE6004C9F96 /* Project object */ = {
			isa = PBXProject;
			attributes = {
				BuildIndependentTargetsInParallel = 1;
				LastSwiftUpdateCheck = 1510;
				LastUpgradeCheck = 1510;
				TargetAttributes = {
					F48094252B389AE6004C9F96 = {
						CreatedOnToolsVersion = 15.1;
					};
				};
			};
			buildConfigurationList = F48094212B389AE6004C9F96 /* Build configuration list for PBXProject "MovieApp" */;
			compatibilityVersion = "Xcode 14.0";
			developmentRegion = en;
			hasScannedForEncodings = 0;
			knownRegions = (
				en,
				Base,
			);
			mainGroup = F480941D2B389AE6004C9F96;
			packageReferences = (
				F480944E2B38EF35004C9F96 /* XCRemoteSwiftPackageReference "SnapKit" */,
				3CF904842B3C44DB006E9D51 /* XCRemoteSwiftPackageReference "realm-swift" */,
			);
			productRefGroup = F48094272B389AE6004C9F96 /* Products */;
			projectDirPath = "";
			projectRoot = "";
			targets = (
				F48094252B389AE6004C9F96 /* MovieApp */,
			);
		};
/* End PBXProject section */

/* Begin PBXResourcesBuildPhase section */
		F48094242B389AE6004C9F96 /* Resources */ = {
			isa = PBXResourcesBuildPhase;
			buildActionMask = 2147483647;
			files = (
				F48094492B38A543004C9F96 /* Montserrat-SemiBold.ttf in Resources */,
				F48094362B389AE7004C9F96 /* LaunchScreen.storyboard in Resources */,
				F480944A2B38A543004C9F96 /* Montserrat-Medium.ttf in Resources */,
				F480944B2B38A543004C9F96 /* Montserrat-Regular.ttf in Resources */,
				F48094332B389AE7004C9F96 /* Assets.xcassets in Resources */,
			);
			runOnlyForDeploymentPostprocessing = 0;
		};
/* End PBXResourcesBuildPhase section */

/* Begin PBXSourcesBuildPhase section */
		F48094222B389AE6004C9F96 /* Sources */ = {
			isa = PBXSourcesBuildPhase;
			buildActionMask = 2147483647;
			files = (
				3CF9047E2B3B60CD006E9D51 /* DeveloperCell.swift in Sources */,
				3CF9049F2B3DD094006E9D51 /* NotificationsVC.swift in Sources */,
				3CD315E72B39D2D6003035B0 /* BaseSettingView.swift in Sources */,
				3CA4D1142B3B0E2200073990 /* EditProfileVC.swift in Sources */,
				F48094412B389E6F004C9F96 /* UIColor Extension.swift in Sources */,
				3CF904952B3C791E006E9D51 /* WishlistCell.swift in Sources */,
				F480946C2B38F600004C9F96 /* HomeViewController.swift in Sources */,
				F48094662B38F587004C9F96 /* Custom Tabbar.swift in Sources */,
				3CF904982B3D7C72006E9D51 /* Policy.swift in Sources */,
				3CD315E12B39C120003035B0 /* GeneralView.swift in Sources */,
				F480947F2B38F9A6004C9F96 /* ChristmasTreeVC.swift in Sources */,
				3CD315E52B39CF20003035B0 /* MoreView.swift in Sources */,
				3CA4D1172B3B1B1E00073990 /* ViewBuilder.swift in Sources */,
				F480945F2B38F4B2004C9F96 /* PreviewCategoryCell.swift in Sources */,
				F480942E2B389AE6004C9F96 /* ViewController.swift in Sources */,
				3CF9048C2B3C4526006E9D51 /* StorageManager.swift in Sources */,
				F48094562B38F113004C9F96 /* UIViewController Extension.swift in Sources */,
				3CF904742B3B30FD006E9D51 /* PolicyStorage.swift in Sources */,
				F48094782B38F76E004C9F96 /* SearchVC.swift in Sources */,
				3CA4D10E2B3B0B6D00073990 /* ModuleBuilder.swift in Sources */,
				F480946E2B38F626004C9F96 /* HomePresenter.swift in Sources */,
				3CF904A12B3DD9AA006E9D51 /* NotificationsPresenter.swift in Sources */,
				F48094882B38FA47004C9F96 /* ProfileVC.swift in Sources */,
				F48094542B38EFD6004C9F96 /* UIView Extension.swift in Sources */,
				3CD315DF2B39BF97003035B0 /* UserInfoView.swift in Sources */,
				F48094432B38A37A004C9F96 /* UIFont Extension.swift in Sources */,
				F480947D2B38F971004C9F96 /* ChristmasTreePresenter.swift in Sources */,
				F480944D2B38A616004C9F96 /* UILabel Extension.swift in Sources */,
				F48094612B38F514004C9F96 /* PagesViewController.swift in Sources */,
				F48094632B38F547004C9F96 /* Onboarding View Controller.swift in Sources */,
				3CF9047B2B3B5D05006E9D51 /* AboutUsVC.swift in Sources */,
				3CF904832B3B86F7006E9D51 /* AboutUsPresenter.swift in Sources */,
				3CF9048F2B3C45F1006E9D51 /* User.swift in Sources */,
				3CF904702B3B2E25006E9D51 /* PolicyVC.swift in Sources */,
				3CF9046D2B3B2924006E9D51 /* EditProfilePresenter.swift in Sources */,
				3CF904932B3C7919006E9D51 /* SearchCell.swift in Sources */,
				3CD315E32B39C378003035B0 /* SettingView.swift in Sources */,
				3CF904762B3B409E006E9D51 /* PolicyPresenter.swift in Sources */,
				3CA4D10C2B3B0B2900073990 /* ProfileRouter.swift in Sources */,
				F480942A2B389AE6004C9F96 /* AppDelegate.swift in Sources */,
				3CF904912B3C7913006E9D51 /* PopularCategoryCell.swift in Sources */,
				3CF904812B3B8595006E9D51 /* Developer.swift in Sources */,
				F48094762B38F74D004C9F96 /* SearchPresenter.swift in Sources */,
				F48094812B38F9CE004C9F96 /* ChristmasTreeModel.swift in Sources */,
				F48094862B38FA2A004C9F96 /* ProfilePresenter.swift in Sources */,
				F480942C2B389AE6004C9F96 /* SceneDelegate.swift in Sources */,
			);
			runOnlyForDeploymentPostprocessing = 0;
		};
/* End PBXSourcesBuildPhase section */

/* Begin PBXVariantGroup section */
		F48094342B389AE7004C9F96 /* LaunchScreen.storyboard */ = {
			isa = PBXVariantGroup;
			children = (
				F48094352B389AE7004C9F96 /* Base */,
			);
			name = LaunchScreen.storyboard;
			sourceTree = "<group>";
		};
/* End PBXVariantGroup section */

/* Begin XCBuildConfiguration section */
		F48094382B389AE7004C9F96 /* Debug */ = {
			isa = XCBuildConfiguration;
			buildSettings = {
				ALWAYS_SEARCH_USER_PATHS = NO;
				ASSETCATALOG_COMPILER_GENERATE_SWIFT_ASSET_SYMBOL_EXTENSIONS = YES;
				CLANG_ANALYZER_NONNULL = YES;
				CLANG_ANALYZER_NUMBER_OBJECT_CONVERSION = YES_AGGRESSIVE;
				CLANG_CXX_LANGUAGE_STANDARD = "gnu++20";
				CLANG_ENABLE_MODULES = YES;
				CLANG_ENABLE_OBJC_ARC = YES;
				CLANG_ENABLE_OBJC_WEAK = YES;
				CLANG_WARN_BLOCK_CAPTURE_AUTORELEASING = YES;
				CLANG_WARN_BOOL_CONVERSION = YES;
				CLANG_WARN_COMMA = YES;
				CLANG_WARN_CONSTANT_CONVERSION = YES;
				CLANG_WARN_DEPRECATED_OBJC_IMPLEMENTATIONS = YES;
				CLANG_WARN_DIRECT_OBJC_ISA_USAGE = YES_ERROR;
				CLANG_WARN_DOCUMENTATION_COMMENTS = YES;
				CLANG_WARN_EMPTY_BODY = YES;
				CLANG_WARN_ENUM_CONVERSION = YES;
				CLANG_WARN_INFINITE_RECURSION = YES;
				CLANG_WARN_INT_CONVERSION = YES;
				CLANG_WARN_NON_LITERAL_NULL_CONVERSION = YES;
				CLANG_WARN_OBJC_IMPLICIT_RETAIN_SELF = YES;
				CLANG_WARN_OBJC_LITERAL_CONVERSION = YES;
				CLANG_WARN_OBJC_ROOT_CLASS = YES_ERROR;
				CLANG_WARN_QUOTED_INCLUDE_IN_FRAMEWORK_HEADER = YES;
				CLANG_WARN_RANGE_LOOP_ANALYSIS = YES;
				CLANG_WARN_STRICT_PROTOTYPES = YES;
				CLANG_WARN_SUSPICIOUS_MOVE = YES;
				CLANG_WARN_UNGUARDED_AVAILABILITY = YES_AGGRESSIVE;
				CLANG_WARN_UNREACHABLE_CODE = YES;
				CLANG_WARN__DUPLICATE_METHOD_MATCH = YES;
				COPY_PHASE_STRIP = NO;
				DEBUG_INFORMATION_FORMAT = dwarf;
				ENABLE_STRICT_OBJC_MSGSEND = YES;
				ENABLE_TESTABILITY = YES;
				ENABLE_USER_SCRIPT_SANDBOXING = YES;
				GCC_C_LANGUAGE_STANDARD = gnu17;
				GCC_DYNAMIC_NO_PIC = NO;
				GCC_NO_COMMON_BLOCKS = YES;
				GCC_OPTIMIZATION_LEVEL = 0;
				GCC_PREPROCESSOR_DEFINITIONS = (
					"DEBUG=1",
					"$(inherited)",
				);
				GCC_WARN_64_TO_32_BIT_CONVERSION = YES;
				GCC_WARN_ABOUT_RETURN_TYPE = YES_ERROR;
				GCC_WARN_UNDECLARED_SELECTOR = YES;
				GCC_WARN_UNINITIALIZED_AUTOS = YES_AGGRESSIVE;
				GCC_WARN_UNUSED_FUNCTION = YES;
				GCC_WARN_UNUSED_VARIABLE = YES;
				IPHONEOS_DEPLOYMENT_TARGET = 17.2;
				LOCALIZATION_PREFERS_STRING_CATALOGS = YES;
				MTL_ENABLE_DEBUG_INFO = INCLUDE_SOURCE;
				MTL_FAST_MATH = YES;
				ONLY_ACTIVE_ARCH = YES;
				SDKROOT = iphoneos;
				SWIFT_ACTIVE_COMPILATION_CONDITIONS = "DEBUG $(inherited)";
				SWIFT_OPTIMIZATION_LEVEL = "-Onone";
			};
			name = Debug;
		};
		F48094392B389AE7004C9F96 /* Release */ = {
			isa = XCBuildConfiguration;
			buildSettings = {
				ALWAYS_SEARCH_USER_PATHS = NO;
				ASSETCATALOG_COMPILER_GENERATE_SWIFT_ASSET_SYMBOL_EXTENSIONS = YES;
				CLANG_ANALYZER_NONNULL = YES;
				CLANG_ANALYZER_NUMBER_OBJECT_CONVERSION = YES_AGGRESSIVE;
				CLANG_CXX_LANGUAGE_STANDARD = "gnu++20";
				CLANG_ENABLE_MODULES = YES;
				CLANG_ENABLE_OBJC_ARC = YES;
				CLANG_ENABLE_OBJC_WEAK = YES;
				CLANG_WARN_BLOCK_CAPTURE_AUTORELEASING = YES;
				CLANG_WARN_BOOL_CONVERSION = YES;
				CLANG_WARN_COMMA = YES;
				CLANG_WARN_CONSTANT_CONVERSION = YES;
				CLANG_WARN_DEPRECATED_OBJC_IMPLEMENTATIONS = YES;
				CLANG_WARN_DIRECT_OBJC_ISA_USAGE = YES_ERROR;
				CLANG_WARN_DOCUMENTATION_COMMENTS = YES;
				CLANG_WARN_EMPTY_BODY = YES;
				CLANG_WARN_ENUM_CONVERSION = YES;
				CLANG_WARN_INFINITE_RECURSION = YES;
				CLANG_WARN_INT_CONVERSION = YES;
				CLANG_WARN_NON_LITERAL_NULL_CONVERSION = YES;
				CLANG_WARN_OBJC_IMPLICIT_RETAIN_SELF = YES;
				CLANG_WARN_OBJC_LITERAL_CONVERSION = YES;
				CLANG_WARN_OBJC_ROOT_CLASS = YES_ERROR;
				CLANG_WARN_QUOTED_INCLUDE_IN_FRAMEWORK_HEADER = YES;
				CLANG_WARN_RANGE_LOOP_ANALYSIS = YES;
				CLANG_WARN_STRICT_PROTOTYPES = YES;
				CLANG_WARN_SUSPICIOUS_MOVE = YES;
				CLANG_WARN_UNGUARDED_AVAILABILITY = YES_AGGRESSIVE;
				CLANG_WARN_UNREACHABLE_CODE = YES;
				CLANG_WARN__DUPLICATE_METHOD_MATCH = YES;
				COPY_PHASE_STRIP = NO;
				DEBUG_INFORMATION_FORMAT = "dwarf-with-dsym";
				ENABLE_NS_ASSERTIONS = NO;
				ENABLE_STRICT_OBJC_MSGSEND = YES;
				ENABLE_USER_SCRIPT_SANDBOXING = YES;
				GCC_C_LANGUAGE_STANDARD = gnu17;
				GCC_NO_COMMON_BLOCKS = YES;
				GCC_WARN_64_TO_32_BIT_CONVERSION = YES;
				GCC_WARN_ABOUT_RETURN_TYPE = YES_ERROR;
				GCC_WARN_UNDECLARED_SELECTOR = YES;
				GCC_WARN_UNINITIALIZED_AUTOS = YES_AGGRESSIVE;
				GCC_WARN_UNUSED_FUNCTION = YES;
				GCC_WARN_UNUSED_VARIABLE = YES;
				IPHONEOS_DEPLOYMENT_TARGET = 17.2;
				LOCALIZATION_PREFERS_STRING_CATALOGS = YES;
				MTL_ENABLE_DEBUG_INFO = NO;
				MTL_FAST_MATH = YES;
				SDKROOT = iphoneos;
				SWIFT_COMPILATION_MODE = wholemodule;
				VALIDATE_PRODUCT = YES;
			};
			name = Release;
		};
		F480943B2B389AE7004C9F96 /* Debug */ = {
			isa = XCBuildConfiguration;
			buildSettings = {
				ASSETCATALOG_COMPILER_APPICON_NAME = AppIcon;
				ASSETCATALOG_COMPILER_GLOBAL_ACCENT_COLOR_NAME = AccentColor;
				CODE_SIGN_STYLE = Automatic;
				CURRENT_PROJECT_VERSION = 1;
				DEVELOPMENT_TEAM = 87P7GYW9VY;
				GENERATE_INFOPLIST_FILE = YES;
				INFOPLIST_FILE = MovieApp/Info.plist;
				INFOPLIST_KEY_LSApplicationCategoryType = "public.app-category.video";
				INFOPLIST_KEY_UIApplicationSupportsIndirectInputEvents = YES;
				INFOPLIST_KEY_UILaunchStoryboardName = LaunchScreen;
				INFOPLIST_KEY_UISupportedInterfaceOrientations = UIInterfaceOrientationPortrait;
				INFOPLIST_KEY_UISupportedInterfaceOrientations_iPad = "UIInterfaceOrientationLandscapeLeft UIInterfaceOrientationLandscapeRight UIInterfaceOrientationPortrait UIInterfaceOrientationPortraitUpsideDown";
				IPHONEOS_DEPLOYMENT_TARGET = 15.0;
				LD_RUNPATH_SEARCH_PATHS = (
					"$(inherited)",
					"@executable_path/Frameworks",
				);
				MARKETING_VERSION = 1.0;
				PRODUCT_BUNDLE_IDENTIFIER = "Michael-Bolgar.MovieApp";
				PRODUCT_NAME = "$(TARGET_NAME)";
				SUPPORTED_PLATFORMS = "iphoneos iphonesimulator";
				SUPPORTS_MACCATALYST = NO;
				SUPPORTS_MAC_DESIGNED_FOR_IPHONE_IPAD = NO;
				SWIFT_EMIT_LOC_STRINGS = YES;
				SWIFT_VERSION = 5.0;
				TARGETED_DEVICE_FAMILY = 1;
			};
			name = Debug;
		};
		F480943C2B389AE7004C9F96 /* Release */ = {
			isa = XCBuildConfiguration;
			buildSettings = {
				ASSETCATALOG_COMPILER_APPICON_NAME = AppIcon;
				ASSETCATALOG_COMPILER_GLOBAL_ACCENT_COLOR_NAME = AccentColor;
				CODE_SIGN_STYLE = Automatic;
				CURRENT_PROJECT_VERSION = 1;
				DEVELOPMENT_TEAM = 87P7GYW9VY;
				GENERATE_INFOPLIST_FILE = YES;
				INFOPLIST_FILE = MovieApp/Info.plist;
				INFOPLIST_KEY_LSApplicationCategoryType = "public.app-category.video";
				INFOPLIST_KEY_UIApplicationSupportsIndirectInputEvents = YES;
				INFOPLIST_KEY_UILaunchStoryboardName = LaunchScreen;
				INFOPLIST_KEY_UISupportedInterfaceOrientations = UIInterfaceOrientationPortrait;
				INFOPLIST_KEY_UISupportedInterfaceOrientations_iPad = "UIInterfaceOrientationLandscapeLeft UIInterfaceOrientationLandscapeRight UIInterfaceOrientationPortrait UIInterfaceOrientationPortraitUpsideDown";
				IPHONEOS_DEPLOYMENT_TARGET = 15.0;
				LD_RUNPATH_SEARCH_PATHS = (
					"$(inherited)",
					"@executable_path/Frameworks",
				);
				MARKETING_VERSION = 1.0;
				PRODUCT_BUNDLE_IDENTIFIER = "Michael-Bolgar.MovieApp";
				PRODUCT_NAME = "$(TARGET_NAME)";
				SUPPORTED_PLATFORMS = "iphoneos iphonesimulator";
				SUPPORTS_MACCATALYST = NO;
				SUPPORTS_MAC_DESIGNED_FOR_IPHONE_IPAD = NO;
				SWIFT_EMIT_LOC_STRINGS = YES;
				SWIFT_VERSION = 5.0;
				TARGETED_DEVICE_FAMILY = 1;
			};
			name = Release;
		};
/* End XCBuildConfiguration section */

/* Begin XCConfigurationList section */
		F48094212B389AE6004C9F96 /* Build configuration list for PBXProject "MovieApp" */ = {
			isa = XCConfigurationList;
			buildConfigurations = (
				F48094382B389AE7004C9F96 /* Debug */,
				F48094392B389AE7004C9F96 /* Release */,
			);
			defaultConfigurationIsVisible = 0;
			defaultConfigurationName = Release;
		};
		F480943A2B389AE7004C9F96 /* Build configuration list for PBXNativeTarget "MovieApp" */ = {
			isa = XCConfigurationList;
			buildConfigurations = (
				F480943B2B389AE7004C9F96 /* Debug */,
				F480943C2B389AE7004C9F96 /* Release */,
			);
			defaultConfigurationIsVisible = 0;
			defaultConfigurationName = Release;
		};
/* End XCConfigurationList section */

/* Begin XCRemoteSwiftPackageReference section */
		3CF904842B3C44DB006E9D51 /* XCRemoteSwiftPackageReference "realm-swift" */ = {
			isa = XCRemoteSwiftPackageReference;
			repositoryURL = "https://github.com/realm/realm-swift.git";
			requirement = {
				branch = master;
				kind = branch;
			};
		};
		F480944E2B38EF35004C9F96 /* XCRemoteSwiftPackageReference "SnapKit" */ = {
			isa = XCRemoteSwiftPackageReference;
			repositoryURL = "https://github.com/SnapKit/SnapKit";
			requirement = {
				kind = upToNextMajorVersion;
				minimumVersion = 5.6.0;
			};
		};
/* End XCRemoteSwiftPackageReference section */

/* Begin XCSwiftPackageProductDependency section */
		3CF904852B3C44DB006E9D51 /* Realm */ = {
			isa = XCSwiftPackageProductDependency;
			package = 3CF904842B3C44DB006E9D51 /* XCRemoteSwiftPackageReference "realm-swift" */;
			productName = Realm;
		};
		3CF904872B3C44DB006E9D51 /* RealmSwift */ = {
			isa = XCSwiftPackageProductDependency;
			package = 3CF904842B3C44DB006E9D51 /* XCRemoteSwiftPackageReference "realm-swift" */;
			productName = RealmSwift;
		};
		F480944F2B38EF35004C9F96 /* SnapKit */ = {
			isa = XCSwiftPackageProductDependency;
			package = F480944E2B38EF35004C9F96 /* XCRemoteSwiftPackageReference "SnapKit" */;
			productName = SnapKit;
		};
/* End XCSwiftPackageProductDependency section */
	};
	rootObject = F480941E2B389AE6004C9F96 /* Project object */;
}
