// !$*UTF8*$!
{
	archiveVersion = 1;
	classes = {
	};
	objectVersion = 56;
	objects = {

/* Begin PBXBuildFile section */
		3C0BEEEB2B4C6C8100CC7FA4 /* HomeBuilder.swift in Sources */ = {isa = PBXBuildFile; fileRef = 3C0BEEEA2B4C6C8100CC7FA4 /* HomeBuilder.swift */; };
		3C0BEEED2B4C6D2700CC7FA4 /* MyHomeRouter.swift in Sources */ = {isa = PBXBuildFile; fileRef = 3C0BEEEC2B4C6D2700CC7FA4 /* MyHomeRouter.swift */; };
		3C0BEEFA2B4EBAE700CC7FA4 /* CacheManager.swift in Sources */ = {isa = PBXBuildFile; fileRef = 3C0BEEF92B4EBAE700CC7FA4 /* CacheManager.swift */; };
		3C0BEF0F2B514A2700CC7FA4 /* PopularMovie + TableVIew.swift in Sources */ = {isa = PBXBuildFile; fileRef = 3C0BEF0E2B514A2700CC7FA4 /* PopularMovie + TableVIew.swift */; };
		3C18BE982B52B9F400AD8F76 /* HeaderCell.swift in Sources */ = {isa = PBXBuildFile; fileRef = 3C18BE972B52B9F400AD8F76 /* HeaderCell.swift */; };
		3C18BE9B2B52C43900AD8F76 /* FooterCell.swift in Sources */ = {isa = PBXBuildFile; fileRef = 3C18BE9A2B52C43900AD8F76 /* FooterCell.swift */; };
		3C18BEA42B557FB300AD8F76 /* MovieRecent.swift in Sources */ = {isa = PBXBuildFile; fileRef = 3C18BEA32B557FB300AD8F76 /* MovieRecent.swift */; };
		3CA4D10C2B3B0B2900073990 /* ProfileRouter.swift in Sources */ = {isa = PBXBuildFile; fileRef = 3CA4D10B2B3B0B2900073990 /* ProfileRouter.swift */; };
		3CA4D10E2B3B0B6D00073990 /* ModuleBuilder.swift in Sources */ = {isa = PBXBuildFile; fileRef = 3CA4D10D2B3B0B6D00073990 /* ModuleBuilder.swift */; };
		3CA4D1142B3B0E2200073990 /* EditProfileVC.swift in Sources */ = {isa = PBXBuildFile; fileRef = 3CA4D1132B3B0E2200073990 /* EditProfileVC.swift */; };
		3CA4D1172B3B1B1E00073990 /* ViewBuilder.swift in Sources */ = {isa = PBXBuildFile; fileRef = 3CA4D1162B3B1B1E00073990 /* ViewBuilder.swift */; };
		3CD315DF2B39BF97003035B0 /* UserInfoView.swift in Sources */ = {isa = PBXBuildFile; fileRef = 3CD315DE2B39BF97003035B0 /* UserInfoView.swift */; };
		3CD315E12B39C120003035B0 /* GeneralView.swift in Sources */ = {isa = PBXBuildFile; fileRef = 3CD315E02B39C120003035B0 /* GeneralView.swift */; };
		3CD315E32B39C378003035B0 /* SettingView.swift in Sources */ = {isa = PBXBuildFile; fileRef = 3CD315E22B39C378003035B0 /* SettingView.swift */; };
		3CD315E52B39CF20003035B0 /* MoreView.swift in Sources */ = {isa = PBXBuildFile; fileRef = 3CD315E42B39CF20003035B0 /* MoreView.swift */; };
		3CD315E72B39D2D6003035B0 /* BaseSettingView.swift in Sources */ = {isa = PBXBuildFile; fileRef = 3CD315E62B39D2D6003035B0 /* BaseSettingView.swift */; };
		3CF9046D2B3B2924006E9D51 /* EditProfilePresenter.swift in Sources */ = {isa = PBXBuildFile; fileRef = 3CF9046C2B3B2924006E9D51 /* EditProfilePresenter.swift */; };
		3CF904702B3B2E25006E9D51 /* PolicyVC.swift in Sources */ = {isa = PBXBuildFile; fileRef = 3CF9046F2B3B2E25006E9D51 /* PolicyVC.swift */; };
		3CF904742B3B30FD006E9D51 /* PolicyStorage.swift in Sources */ = {isa = PBXBuildFile; fileRef = 3CF904732B3B30FD006E9D51 /* PolicyStorage.swift */; };
		3CF904762B3B409E006E9D51 /* PolicyPresenter.swift in Sources */ = {isa = PBXBuildFile; fileRef = 3CF904752B3B409E006E9D51 /* PolicyPresenter.swift */; };
		3CF9047B2B3B5D05006E9D51 /* AboutUsVC.swift in Sources */ = {isa = PBXBuildFile; fileRef = 3CF9047A2B3B5D05006E9D51 /* AboutUsVC.swift */; };
		3CF9047E2B3B60CD006E9D51 /* DeveloperCell.swift in Sources */ = {isa = PBXBuildFile; fileRef = 3CF9047D2B3B60CD006E9D51 /* DeveloperCell.swift */; };
		3CF904812B3B8595006E9D51 /* Developer.swift in Sources */ = {isa = PBXBuildFile; fileRef = 3CF904802B3B8595006E9D51 /* Developer.swift */; };
		3CF904832B3B86F7006E9D51 /* AboutUsPresenter.swift in Sources */ = {isa = PBXBuildFile; fileRef = 3CF904822B3B86F7006E9D51 /* AboutUsPresenter.swift */; };
		3CF904862B3C44DB006E9D51 /* Realm in Frameworks */ = {isa = PBXBuildFile; productRef = 3CF904852B3C44DB006E9D51 /* Realm */; };
		3CF904882B3C44DB006E9D51 /* RealmSwift in Frameworks */ = {isa = PBXBuildFile; productRef = 3CF904872B3C44DB006E9D51 /* RealmSwift */; };
		3CF9048C2B3C4526006E9D51 /* StorageManager.swift in Sources */ = {isa = PBXBuildFile; fileRef = 3CF9048B2B3C4526006E9D51 /* StorageManager.swift */; };
		3CF9048F2B3C45F1006E9D51 /* User.swift in Sources */ = {isa = PBXBuildFile; fileRef = 3CF9048E2B3C45F1006E9D51 /* User.swift */; };
		3CF904912B3C7913006E9D51 /* MovieSmallCell.swift in Sources */ = {isa = PBXBuildFile; fileRef = 3CF904902B3C7913006E9D51 /* MovieSmallCell.swift */; };
		3CF904932B3C7919006E9D51 /* MovieBigCell.swift in Sources */ = {isa = PBXBuildFile; fileRef = 3CF904922B3C7919006E9D51 /* MovieBigCell.swift */; };
		3CF904952B3C791E006E9D51 /* WishlistCell.swift in Sources */ = {isa = PBXBuildFile; fileRef = 3CF904942B3C791E006E9D51 /* WishlistCell.swift */; };
		3CF904982B3D7C72006E9D51 /* Policy.swift in Sources */ = {isa = PBXBuildFile; fileRef = 3CF904972B3D7C72006E9D51 /* Policy.swift */; };
		3CF9049F2B3DD094006E9D51 /* NotificationsVC.swift in Sources */ = {isa = PBXBuildFile; fileRef = 3CF9049E2B3DD094006E9D51 /* NotificationsVC.swift */; };
		3CF904A12B3DD9AA006E9D51 /* NotificationsPresenter.swift in Sources */ = {isa = PBXBuildFile; fileRef = 3CF904A02B3DD9AA006E9D51 /* NotificationsPresenter.swift */; };
		3CF904A72B3DFE47006E9D51 /* LanguageVC.swift in Sources */ = {isa = PBXBuildFile; fileRef = 3CF904A62B3DFE47006E9D51 /* LanguageVC.swift */; };
		3CF904AF2B3E05A0006E9D51 /* SearchBarViewDelegate.swift in Sources */ = {isa = PBXBuildFile; fileRef = 3CF904AC2B3E05A0006E9D51 /* SearchBarViewDelegate.swift */; };
		3CF904B02B3E05A0006E9D51 /* SearchBarView + Extensions.swift in Sources */ = {isa = PBXBuildFile; fileRef = 3CF904AD2B3E05A0006E9D51 /* SearchBarView + Extensions.swift */; };
		3CF904B12B3E05A0006E9D51 /* SearchBarView.swift in Sources */ = {isa = PBXBuildFile; fileRef = 3CF904AE2B3E05A0006E9D51 /* SearchBarView.swift */; };
		3CF904BF2B3F28D6006E9D51 /* WishlistVC.swift in Sources */ = {isa = PBXBuildFile; fileRef = 3CF904BE2B3F28D6006E9D51 /* WishlistVC.swift */; };
		3CF904C12B3F2BB8006E9D51 /* PlugView.swift in Sources */ = {isa = PBXBuildFile; fileRef = 3CF904C02B3F2BB8006E9D51 /* PlugView.swift */; };
		3CF904C32B3F49CF006E9D51 /* WishlistPresenter.swift in Sources */ = {isa = PBXBuildFile; fileRef = 3CF904C22B3F49CF006E9D51 /* WishlistPresenter.swift */; };
		3CF904C62B3F5070006E9D51 /* MovieWishlist.swift in Sources */ = {isa = PBXBuildFile; fileRef = 3CF904C52B3F5070006E9D51 /* MovieWishlist.swift */; };
		3CFEF12E2B418AE9000DA0B1 /* LanguagePresenter.swift in Sources */ = {isa = PBXBuildFile; fileRef = 3CFEF12D2B418AE9000DA0B1 /* LanguagePresenter.swift */; };
		3CFEF1302B418AF3000DA0B1 /* LanguageCell.swift in Sources */ = {isa = PBXBuildFile; fileRef = 3CFEF12F2B418AF3000DA0B1 /* LanguageCell.swift */; };
		3CFEF1322B418B42000DA0B1 /* EditProfileVC + Extension.swift in Sources */ = {isa = PBXBuildFile; fileRef = 3CFEF1312B418B42000DA0B1 /* EditProfileVC + Extension.swift */; };
		3CFEF1342B418F70000DA0B1 /* WishlistVC + UITableView.swift in Sources */ = {isa = PBXBuildFile; fileRef = 3CFEF1332B418F70000DA0B1 /* WishlistVC + UITableView.swift */; };
		3CFEF1362B4190DE000DA0B1 /* AlertHelper.swift in Sources */ = {isa = PBXBuildFile; fileRef = 3CFEF1352B4190DE000DA0B1 /* AlertHelper.swift */; };
		842B8BC32B4F21E300753510 /* MovieListPresenter.swift in Sources */ = {isa = PBXBuildFile; fileRef = 842B8BC22B4F21E300753510 /* MovieListPresenter.swift */; };
		842B8BC52B4F220C00753510 /* MovieListController.swift in Sources */ = {isa = PBXBuildFile; fileRef = 842B8BC42B4F220C00753510 /* MovieListController.swift */; };
		842B8BC82B4F2B3200753510 /* MovieListCell.swift in Sources */ = {isa = PBXBuildFile; fileRef = 842B8BC72B4F2B3200753510 /* MovieListCell.swift */; };
		84AF6AD42B4B029700E3CB47 /* CatergoriesView.swift in Sources */ = {isa = PBXBuildFile; fileRef = 84AF6AD32B4B029700E3CB47 /* CatergoriesView.swift */; };
		84AF6AD72B4B02D300E3CB47 /* CategoriesCell.swift in Sources */ = {isa = PBXBuildFile; fileRef = 84AF6AD62B4B02D300E3CB47 /* CategoriesCell.swift */; };
		E012D7EF2B532B9C00B29DC4 /* DetailStoryLineCell.swift in Sources */ = {isa = PBXBuildFile; fileRef = E012D7EE2B532B9C00B29DC4 /* DetailStoryLineCell.swift */; };
		E012D7F22B537D3A00B29DC4 /* CustomBarItem.swift in Sources */ = {isa = PBXBuildFile; fileRef = E012D7F12B537D3A00B29DC4 /* CustomBarItem.swift */; };
		E04096912B4DFB7000BF8DA9 /* ImageDownloader.swift in Sources */ = {isa = PBXBuildFile; fileRef = E04096902B4DFB7000BF8DA9 /* ImageDownloader.swift */; };
		E04096952B4E2D8800BF8DA9 /* DetailRouter.swift in Sources */ = {isa = PBXBuildFile; fileRef = E04096942B4E2D8800BF8DA9 /* DetailRouter.swift */; };
		E04096972B4F65AE00BF8DA9 /* ShareView.swift in Sources */ = {isa = PBXBuildFile; fileRef = E04096962B4F65AE00BF8DA9 /* ShareView.swift */; };
		F480942A2B389AE6004C9F96 /* AppDelegate.swift in Sources */ = {isa = PBXBuildFile; fileRef = F48094292B389AE6004C9F96 /* AppDelegate.swift */; };
		F480942C2B389AE6004C9F96 /* SceneDelegate.swift in Sources */ = {isa = PBXBuildFile; fileRef = F480942B2B389AE6004C9F96 /* SceneDelegate.swift */; };
		F480942E2B389AE6004C9F96 /* ViewController.swift in Sources */ = {isa = PBXBuildFile; fileRef = F480942D2B389AE6004C9F96 /* ViewController.swift */; };
		F48094332B389AE7004C9F96 /* Assets.xcassets in Resources */ = {isa = PBXBuildFile; fileRef = F48094322B389AE7004C9F96 /* Assets.xcassets */; };
		F48094362B389AE7004C9F96 /* LaunchScreen.storyboard in Resources */ = {isa = PBXBuildFile; fileRef = F48094342B389AE7004C9F96 /* LaunchScreen.storyboard */; };
		F48094412B389E6F004C9F96 /* UIColor Extension.swift in Sources */ = {isa = PBXBuildFile; fileRef = F48094402B389E6F004C9F96 /* UIColor Extension.swift */; };
		F48094432B38A37A004C9F96 /* UIFont Extension.swift in Sources */ = {isa = PBXBuildFile; fileRef = F48094422B38A37A004C9F96 /* UIFont Extension.swift */; };
		F48094492B38A543004C9F96 /* Montserrat-SemiBold.ttf in Resources */ = {isa = PBXBuildFile; fileRef = F48094462B38A543004C9F96 /* Montserrat-SemiBold.ttf */; };
		F480944A2B38A543004C9F96 /* Montserrat-Medium.ttf in Resources */ = {isa = PBXBuildFile; fileRef = F48094472B38A543004C9F96 /* Montserrat-Medium.ttf */; };
		F480944B2B38A543004C9F96 /* Montserrat-Regular.ttf in Resources */ = {isa = PBXBuildFile; fileRef = F48094482B38A543004C9F96 /* Montserrat-Regular.ttf */; };
		F480944D2B38A616004C9F96 /* UILabel Extension.swift in Sources */ = {isa = PBXBuildFile; fileRef = F480944C2B38A616004C9F96 /* UILabel Extension.swift */; };
		F48094502B38EF35004C9F96 /* SnapKit in Frameworks */ = {isa = PBXBuildFile; productRef = F480944F2B38EF35004C9F96 /* SnapKit */; };
		F48094542B38EFD6004C9F96 /* UIView Extension.swift in Sources */ = {isa = PBXBuildFile; fileRef = F48094532B38EFD6004C9F96 /* UIView Extension.swift */; };
		F48094562B38F113004C9F96 /* UIViewController Extension.swift in Sources */ = {isa = PBXBuildFile; fileRef = F48094552B38F113004C9F96 /* UIViewController Extension.swift */; };
		F480945F2B38F4B2004C9F96 /* PreviewCategoryCell.swift in Sources */ = {isa = PBXBuildFile; fileRef = F480945E2B38F4B2004C9F96 /* PreviewCategoryCell.swift */; };
		F48094612B38F514004C9F96 /* PagesViewController.swift in Sources */ = {isa = PBXBuildFile; fileRef = F48094602B38F514004C9F96 /* PagesViewController.swift */; };
		F48094632B38F547004C9F96 /* Onboarding View Controller.swift in Sources */ = {isa = PBXBuildFile; fileRef = F48094622B38F547004C9F96 /* Onboarding View Controller.swift */; };
		F48094662B38F587004C9F96 /* MainTabBarController.swift in Sources */ = {isa = PBXBuildFile; fileRef = F48094652B38F587004C9F96 /* MainTabBarController.swift */; };
		F480946C2B38F600004C9F96 /* HomeViewController.swift in Sources */ = {isa = PBXBuildFile; fileRef = F480946B2B38F600004C9F96 /* HomeViewController.swift */; };
		F480946E2B38F626004C9F96 /* HomePresenter.swift in Sources */ = {isa = PBXBuildFile; fileRef = F480946D2B38F626004C9F96 /* HomePresenter.swift */; };
		F480947D2B38F971004C9F96 /* ChristmasTreePresenter.swift in Sources */ = {isa = PBXBuildFile; fileRef = F480947C2B38F971004C9F96 /* ChristmasTreePresenter.swift */; };
		F480947F2B38F9A6004C9F96 /* ChristmasTreeVC.swift in Sources */ = {isa = PBXBuildFile; fileRef = F480947E2B38F9A6004C9F96 /* ChristmasTreeVC.swift */; };
		F48094812B38F9CE004C9F96 /* ChristmasTreeModel.swift in Sources */ = {isa = PBXBuildFile; fileRef = F48094802B38F9CE004C9F96 /* ChristmasTreeModel.swift */; };
		F48094862B38FA2A004C9F96 /* ProfilePresenter.swift in Sources */ = {isa = PBXBuildFile; fileRef = F48094852B38FA2A004C9F96 /* ProfilePresenter.swift */; };
		F48094882B38FA47004C9F96 /* ProfileVC.swift in Sources */ = {isa = PBXBuildFile; fileRef = F48094872B38FA47004C9F96 /* ProfileVC.swift */; };
		F48094A32B477667004C9F96 /* API.swift in Sources */ = {isa = PBXBuildFile; fileRef = F48094A22B477667004C9F96 /* API.swift */; };
		F48094A52B47768A004C9F96 /* Endpoints.swift in Sources */ = {isa = PBXBuildFile; fileRef = F48094A42B47768A004C9F96 /* Endpoints.swift */; };
		F48094A72B4776AD004C9F96 /* Networking Manager.swift in Sources */ = {isa = PBXBuildFile; fileRef = F48094A62B4776AD004C9F96 /* Networking Manager.swift */; };
		F48094A92B4776C6004C9F96 /* Networking Structs.swift in Sources */ = {isa = PBXBuildFile; fileRef = F48094A82B4776C6004C9F96 /* Networking Structs.swift */; };
		F48094B12B4D88BB004C9F96 /* DetailCastAndCrewCell.swift in Sources */ = {isa = PBXBuildFile; fileRef = F48094B02B4D88BB004C9F96 /* DetailCastAndCrewCell.swift */; };
		F48094B32B4D88D7004C9F96 /* DetailCastAndCrewView.swift in Sources */ = {isa = PBXBuildFile; fileRef = F48094B22B4D88D7004C9F96 /* DetailCastAndCrewView.swift */; };
		F48094B52B4D88F3004C9F96 /* DetailGalleryCell.swift in Sources */ = {isa = PBXBuildFile; fileRef = F48094B42B4D88F3004C9F96 /* DetailGalleryCell.swift */; };
		F48094B72B4D8910004C9F96 /* DetailGalleryView.swift in Sources */ = {isa = PBXBuildFile; fileRef = F48094B62B4D8910004C9F96 /* DetailGalleryView.swift */; };
		F48094B92B4D8926004C9F96 /* DetailHeaderView.swift in Sources */ = {isa = PBXBuildFile; fileRef = F48094B82B4D8926004C9F96 /* DetailHeaderView.swift */; };
		F48094BB2B4D893E004C9F96 /* DetailViewController.swift in Sources */ = {isa = PBXBuildFile; fileRef = F48094BA2B4D893E004C9F96 /* DetailViewController.swift */; };
		F48094BD2B4D8955004C9F96 /* SectionHeaderView.swift in Sources */ = {isa = PBXBuildFile; fileRef = F48094BC2B4D8955004C9F96 /* SectionHeaderView.swift */; };
		F48094BF2B4D8968004C9F96 /* DetailProtocol.swift in Sources */ = {isa = PBXBuildFile; fileRef = F48094BE2B4D8968004C9F96 /* DetailProtocol.swift */; };
		F48094C12B4D89A7004C9F96 /* DetailPresenter.swift in Sources */ = {isa = PBXBuildFile; fileRef = F48094C02B4D89A7004C9F96 /* DetailPresenter.swift */; };
		F48094C42B4D8A72004C9F96 /* DetailCell.swift in Sources */ = {isa = PBXBuildFile; fileRef = F48094C32B4D8A72004C9F96 /* DetailCell.swift */; };
		F48094C62B4D8A8C004C9F96 /* ConfigurableProtocol.swift in Sources */ = {isa = PBXBuildFile; fileRef = F48094C52B4D8A8C004C9F96 /* ConfigurableProtocol.swift */; };
		F48094CD2B4DF602004C9F96 /* AppFactory.swift in Sources */ = {isa = PBXBuildFile; fileRef = F48094CC2B4DF602004C9F96 /* AppFactory.swift */; };
		F48094CF2B4DF620004C9F96 /* RootRouter.swift in Sources */ = {isa = PBXBuildFile; fileRef = F48094CE2B4DF620004C9F96 /* RootRouter.swift */; };
		F48094D12B4DF648004C9F96 /* HomeRouterNew.swift in Sources */ = {isa = PBXBuildFile; fileRef = F48094D02B4DF648004C9F96 /* HomeRouterNew.swift */; };
		F48094D52B4DF6E3004C9F96 /* SearchPresenter.swift in Sources */ = {isa = PBXBuildFile; fileRef = F48094D42B4DF6E3004C9F96 /* SearchPresenter.swift */; };
		F48094D82B4DF707004C9F96 /* SearchVC.swift in Sources */ = {isa = PBXBuildFile; fileRef = F48094D72B4DF707004C9F96 /* SearchVC.swift */; };
		F48094DA2B4DF838004C9F96 /* SearchRouter.swift in Sources */ = {isa = PBXBuildFile; fileRef = F48094D92B4DF838004C9F96 /* SearchRouter.swift */; };
		F48094DC2B4DF8C2004C9F96 /* ChristmasTreeRouter.swift in Sources */ = {isa = PBXBuildFile; fileRef = F48094DB2B4DF8C2004C9F96 /* ChristmasTreeRouter.swift */; };
		F48094DE2B4E020E004C9F96 /* UINavigationController Extension.swift in Sources */ = {isa = PBXBuildFile; fileRef = F48094DD2B4E020E004C9F96 /* UINavigationController Extension.swift */; };
		F48A8F7C2B52909900635EAB /* SearchBuilder.swift in Sources */ = {isa = PBXBuildFile; fileRef = F48A8F7B2B52909900635EAB /* SearchBuilder.swift */; };
		F4F0225C2B855A33004D10A4 /* ComingSoonCell.swift in Sources */ = {isa = PBXBuildFile; fileRef = F4F0225B2B855A33004D10A4 /* ComingSoonCell.swift */; };
		FA37EACE2B459EB800760039 /* PopularMovieViewController.swift in Sources */ = {isa = PBXBuildFile; fileRef = FA37EACD2B459EB800760039 /* PopularMovieViewController.swift */; };
		FA37EAD02B459ED700760039 /* PopularMoviePresenter.swift in Sources */ = {isa = PBXBuildFile; fileRef = FA37EACF2B459ED700760039 /* PopularMoviePresenter.swift */; };
		FA37EAD32B4C00AF00760039 /* SearchCellModel.swift in Sources */ = {isa = PBXBuildFile; fileRef = FA37EAD22B4C00AF00760039 /* SearchCellModel.swift */; };
/* End PBXBuildFile section */

/* Begin PBXFileReference section */
		3C0BEEEA2B4C6C8100CC7FA4 /* HomeBuilder.swift */ = {isa = PBXFileReference; lastKnownFileType = sourcecode.swift; path = HomeBuilder.swift; sourceTree = "<group>"; };
		3C0BEEEC2B4C6D2700CC7FA4 /* MyHomeRouter.swift */ = {isa = PBXFileReference; lastKnownFileType = sourcecode.swift; path = MyHomeRouter.swift; sourceTree = "<group>"; };
		3C0BEEF92B4EBAE700CC7FA4 /* CacheManager.swift */ = {isa = PBXFileReference; lastKnownFileType = sourcecode.swift; path = CacheManager.swift; sourceTree = "<group>"; };
		3C0BEF0E2B514A2700CC7FA4 /* PopularMovie + TableVIew.swift */ = {isa = PBXFileReference; lastKnownFileType = sourcecode.swift; path = "PopularMovie + TableVIew.swift"; sourceTree = "<group>"; };
		3C18BE972B52B9F400AD8F76 /* HeaderCell.swift */ = {isa = PBXFileReference; lastKnownFileType = sourcecode.swift; path = HeaderCell.swift; sourceTree = "<group>"; };
		3C18BE9A2B52C43900AD8F76 /* FooterCell.swift */ = {isa = PBXFileReference; lastKnownFileType = sourcecode.swift; path = FooterCell.swift; sourceTree = "<group>"; };
		3C18BEA32B557FB300AD8F76 /* MovieRecent.swift */ = {isa = PBXFileReference; lastKnownFileType = sourcecode.swift; path = MovieRecent.swift; sourceTree = "<group>"; };
		3CA4D10B2B3B0B2900073990 /* ProfileRouter.swift */ = {isa = PBXFileReference; lastKnownFileType = sourcecode.swift; path = ProfileRouter.swift; sourceTree = "<group>"; };
		3CA4D10D2B3B0B6D00073990 /* ModuleBuilder.swift */ = {isa = PBXFileReference; lastKnownFileType = sourcecode.swift; path = ModuleBuilder.swift; sourceTree = "<group>"; };
		3CA4D1132B3B0E2200073990 /* EditProfileVC.swift */ = {isa = PBXFileReference; lastKnownFileType = sourcecode.swift; path = EditProfileVC.swift; sourceTree = "<group>"; };
		3CA4D1162B3B1B1E00073990 /* ViewBuilder.swift */ = {isa = PBXFileReference; lastKnownFileType = sourcecode.swift; path = ViewBuilder.swift; sourceTree = "<group>"; };
		3CD315DE2B39BF97003035B0 /* UserInfoView.swift */ = {isa = PBXFileReference; lastKnownFileType = sourcecode.swift; path = UserInfoView.swift; sourceTree = "<group>"; };
		3CD315E02B39C120003035B0 /* GeneralView.swift */ = {isa = PBXFileReference; lastKnownFileType = sourcecode.swift; path = GeneralView.swift; sourceTree = "<group>"; };
		3CD315E22B39C378003035B0 /* SettingView.swift */ = {isa = PBXFileReference; lastKnownFileType = sourcecode.swift; path = SettingView.swift; sourceTree = "<group>"; };
		3CD315E42B39CF20003035B0 /* MoreView.swift */ = {isa = PBXFileReference; lastKnownFileType = sourcecode.swift; path = MoreView.swift; sourceTree = "<group>"; };
		3CD315E62B39D2D6003035B0 /* BaseSettingView.swift */ = {isa = PBXFileReference; lastKnownFileType = sourcecode.swift; path = BaseSettingView.swift; sourceTree = "<group>"; };
		3CF9046C2B3B2924006E9D51 /* EditProfilePresenter.swift */ = {isa = PBXFileReference; lastKnownFileType = sourcecode.swift; path = EditProfilePresenter.swift; sourceTree = "<group>"; };
		3CF9046F2B3B2E25006E9D51 /* PolicyVC.swift */ = {isa = PBXFileReference; lastKnownFileType = sourcecode.swift; path = PolicyVC.swift; sourceTree = "<group>"; };
		3CF904732B3B30FD006E9D51 /* PolicyStorage.swift */ = {isa = PBXFileReference; lastKnownFileType = sourcecode.swift; path = PolicyStorage.swift; sourceTree = "<group>"; };
		3CF904752B3B409E006E9D51 /* PolicyPresenter.swift */ = {isa = PBXFileReference; lastKnownFileType = sourcecode.swift; path = PolicyPresenter.swift; sourceTree = "<group>"; };
		3CF9047A2B3B5D05006E9D51 /* AboutUsVC.swift */ = {isa = PBXFileReference; lastKnownFileType = sourcecode.swift; path = AboutUsVC.swift; sourceTree = "<group>"; };
		3CF9047D2B3B60CD006E9D51 /* DeveloperCell.swift */ = {isa = PBXFileReference; lastKnownFileType = sourcecode.swift; path = DeveloperCell.swift; sourceTree = "<group>"; };
		3CF904802B3B8595006E9D51 /* Developer.swift */ = {isa = PBXFileReference; lastKnownFileType = sourcecode.swift; path = Developer.swift; sourceTree = "<group>"; };
		3CF904822B3B86F7006E9D51 /* AboutUsPresenter.swift */ = {isa = PBXFileReference; lastKnownFileType = sourcecode.swift; path = AboutUsPresenter.swift; sourceTree = "<group>"; };
		3CF9048B2B3C4526006E9D51 /* StorageManager.swift */ = {isa = PBXFileReference; lastKnownFileType = sourcecode.swift; path = StorageManager.swift; sourceTree = "<group>"; };
		3CF9048E2B3C45F1006E9D51 /* User.swift */ = {isa = PBXFileReference; lastKnownFileType = sourcecode.swift; path = User.swift; sourceTree = "<group>"; };
		3CF904902B3C7913006E9D51 /* MovieSmallCell.swift */ = {isa = PBXFileReference; fileEncoding = 4; lastKnownFileType = sourcecode.swift; path = MovieSmallCell.swift; sourceTree = "<group>"; };
		3CF904922B3C7919006E9D51 /* MovieBigCell.swift */ = {isa = PBXFileReference; fileEncoding = 4; lastKnownFileType = sourcecode.swift; path = MovieBigCell.swift; sourceTree = "<group>"; };
		3CF904942B3C791E006E9D51 /* WishlistCell.swift */ = {isa = PBXFileReference; fileEncoding = 4; lastKnownFileType = sourcecode.swift; path = WishlistCell.swift; sourceTree = "<group>"; };
		3CF904972B3D7C72006E9D51 /* Policy.swift */ = {isa = PBXFileReference; lastKnownFileType = sourcecode.swift; path = Policy.swift; sourceTree = "<group>"; };
		3CF9049E2B3DD094006E9D51 /* NotificationsVC.swift */ = {isa = PBXFileReference; lastKnownFileType = sourcecode.swift; path = NotificationsVC.swift; sourceTree = "<group>"; };
		3CF904A02B3DD9AA006E9D51 /* NotificationsPresenter.swift */ = {isa = PBXFileReference; lastKnownFileType = sourcecode.swift; path = NotificationsPresenter.swift; sourceTree = "<group>"; };
		3CF904A62B3DFE47006E9D51 /* LanguageVC.swift */ = {isa = PBXFileReference; lastKnownFileType = sourcecode.swift; path = LanguageVC.swift; sourceTree = "<group>"; };
		3CF904AC2B3E05A0006E9D51 /* SearchBarViewDelegate.swift */ = {isa = PBXFileReference; fileEncoding = 4; lastKnownFileType = sourcecode.swift; path = SearchBarViewDelegate.swift; sourceTree = "<group>"; };
		3CF904AD2B3E05A0006E9D51 /* SearchBarView + Extensions.swift */ = {isa = PBXFileReference; fileEncoding = 4; lastKnownFileType = sourcecode.swift; path = "SearchBarView + Extensions.swift"; sourceTree = "<group>"; };
		3CF904AE2B3E05A0006E9D51 /* SearchBarView.swift */ = {isa = PBXFileReference; fileEncoding = 4; lastKnownFileType = sourcecode.swift; path = SearchBarView.swift; sourceTree = "<group>"; };
		3CF904BE2B3F28D6006E9D51 /* WishlistVC.swift */ = {isa = PBXFileReference; lastKnownFileType = sourcecode.swift; path = WishlistVC.swift; sourceTree = "<group>"; };
		3CF904C02B3F2BB8006E9D51 /* PlugView.swift */ = {isa = PBXFileReference; lastKnownFileType = sourcecode.swift; path = PlugView.swift; sourceTree = "<group>"; };
		3CF904C22B3F49CF006E9D51 /* WishlistPresenter.swift */ = {isa = PBXFileReference; lastKnownFileType = sourcecode.swift; path = WishlistPresenter.swift; sourceTree = "<group>"; };
		3CF904C52B3F5070006E9D51 /* MovieWishlist.swift */ = {isa = PBXFileReference; lastKnownFileType = sourcecode.swift; path = MovieWishlist.swift; sourceTree = "<group>"; };
		3CFEF12D2B418AE9000DA0B1 /* LanguagePresenter.swift */ = {isa = PBXFileReference; fileEncoding = 4; lastKnownFileType = sourcecode.swift; path = LanguagePresenter.swift; sourceTree = "<group>"; };
		3CFEF12F2B418AF3000DA0B1 /* LanguageCell.swift */ = {isa = PBXFileReference; fileEncoding = 4; lastKnownFileType = sourcecode.swift; path = LanguageCell.swift; sourceTree = "<group>"; };
		3CFEF1312B418B42000DA0B1 /* EditProfileVC + Extension.swift */ = {isa = PBXFileReference; fileEncoding = 4; lastKnownFileType = sourcecode.swift; path = "EditProfileVC + Extension.swift"; sourceTree = "<group>"; };
		3CFEF1332B418F70000DA0B1 /* WishlistVC + UITableView.swift */ = {isa = PBXFileReference; lastKnownFileType = sourcecode.swift; path = "WishlistVC + UITableView.swift"; sourceTree = "<group>"; };
		3CFEF1352B4190DE000DA0B1 /* AlertHelper.swift */ = {isa = PBXFileReference; lastKnownFileType = sourcecode.swift; path = AlertHelper.swift; sourceTree = "<group>"; };
		842B8BC22B4F21E300753510 /* MovieListPresenter.swift */ = {isa = PBXFileReference; lastKnownFileType = sourcecode.swift; path = MovieListPresenter.swift; sourceTree = "<group>"; };
		842B8BC42B4F220C00753510 /* MovieListController.swift */ = {isa = PBXFileReference; lastKnownFileType = sourcecode.swift; path = MovieListController.swift; sourceTree = "<group>"; };
		842B8BC72B4F2B3200753510 /* MovieListCell.swift */ = {isa = PBXFileReference; lastKnownFileType = sourcecode.swift; path = MovieListCell.swift; sourceTree = "<group>"; };
		84AF6AD32B4B029700E3CB47 /* CatergoriesView.swift */ = {isa = PBXFileReference; lastKnownFileType = sourcecode.swift; path = CatergoriesView.swift; sourceTree = "<group>"; };
		84AF6AD62B4B02D300E3CB47 /* CategoriesCell.swift */ = {isa = PBXFileReference; lastKnownFileType = sourcecode.swift; path = CategoriesCell.swift; sourceTree = "<group>"; };
		E012D7EE2B532B9C00B29DC4 /* DetailStoryLineCell.swift */ = {isa = PBXFileReference; lastKnownFileType = sourcecode.swift; path = DetailStoryLineCell.swift; sourceTree = "<group>"; };
		E012D7F12B537D3A00B29DC4 /* CustomBarItem.swift */ = {isa = PBXFileReference; lastKnownFileType = sourcecode.swift; path = CustomBarItem.swift; sourceTree = "<group>"; };
		E04096902B4DFB7000BF8DA9 /* ImageDownloader.swift */ = {isa = PBXFileReference; lastKnownFileType = sourcecode.swift; path = ImageDownloader.swift; sourceTree = "<group>"; };
		E04096942B4E2D8800BF8DA9 /* DetailRouter.swift */ = {isa = PBXFileReference; lastKnownFileType = sourcecode.swift; path = DetailRouter.swift; sourceTree = "<group>"; };
		E04096962B4F65AE00BF8DA9 /* ShareView.swift */ = {isa = PBXFileReference; lastKnownFileType = sourcecode.swift; path = ShareView.swift; sourceTree = "<group>"; };
		F48094262B389AE6004C9F96 /* MovieApp.app */ = {isa = PBXFileReference; explicitFileType = wrapper.application; includeInIndex = 0; path = MovieApp.app; sourceTree = BUILT_PRODUCTS_DIR; };
		F48094292B389AE6004C9F96 /* AppDelegate.swift */ = {isa = PBXFileReference; lastKnownFileType = sourcecode.swift; path = AppDelegate.swift; sourceTree = "<group>"; };
		F480942B2B389AE6004C9F96 /* SceneDelegate.swift */ = {isa = PBXFileReference; lastKnownFileType = sourcecode.swift; path = SceneDelegate.swift; sourceTree = "<group>"; };
		F480942D2B389AE6004C9F96 /* ViewController.swift */ = {isa = PBXFileReference; lastKnownFileType = sourcecode.swift; path = ViewController.swift; sourceTree = "<group>"; };
		F48094322B389AE7004C9F96 /* Assets.xcassets */ = {isa = PBXFileReference; lastKnownFileType = folder.assetcatalog; path = Assets.xcassets; sourceTree = "<group>"; };
		F48094352B389AE7004C9F96 /* Base */ = {isa = PBXFileReference; lastKnownFileType = file.storyboard; name = Base; path = Base.lproj/LaunchScreen.storyboard; sourceTree = "<group>"; };
		F48094372B389AE7004C9F96 /* Info.plist */ = {isa = PBXFileReference; lastKnownFileType = text.plist.xml; path = Info.plist; sourceTree = "<group>"; };
		F48094402B389E6F004C9F96 /* UIColor Extension.swift */ = {isa = PBXFileReference; lastKnownFileType = sourcecode.swift; path = "UIColor Extension.swift"; sourceTree = "<group>"; };
		F48094422B38A37A004C9F96 /* UIFont Extension.swift */ = {isa = PBXFileReference; lastKnownFileType = sourcecode.swift; path = "UIFont Extension.swift"; sourceTree = "<group>"; };
		F48094462B38A543004C9F96 /* Montserrat-SemiBold.ttf */ = {isa = PBXFileReference; lastKnownFileType = file; path = "Montserrat-SemiBold.ttf"; sourceTree = "<group>"; };
		F48094472B38A543004C9F96 /* Montserrat-Medium.ttf */ = {isa = PBXFileReference; lastKnownFileType = file; path = "Montserrat-Medium.ttf"; sourceTree = "<group>"; };
		F48094482B38A543004C9F96 /* Montserrat-Regular.ttf */ = {isa = PBXFileReference; lastKnownFileType = file; path = "Montserrat-Regular.ttf"; sourceTree = "<group>"; };
		F480944C2B38A616004C9F96 /* UILabel Extension.swift */ = {isa = PBXFileReference; lastKnownFileType = sourcecode.swift; path = "UILabel Extension.swift"; sourceTree = "<group>"; };
		F48094532B38EFD6004C9F96 /* UIView Extension.swift */ = {isa = PBXFileReference; lastKnownFileType = sourcecode.swift; path = "UIView Extension.swift"; sourceTree = "<group>"; };
		F48094552B38F113004C9F96 /* UIViewController Extension.swift */ = {isa = PBXFileReference; lastKnownFileType = sourcecode.swift; path = "UIViewController Extension.swift"; sourceTree = "<group>"; };
		F480945E2B38F4B2004C9F96 /* PreviewCategoryCell.swift */ = {isa = PBXFileReference; lastKnownFileType = sourcecode.swift; path = PreviewCategoryCell.swift; sourceTree = "<group>"; };
		F48094602B38F514004C9F96 /* PagesViewController.swift */ = {isa = PBXFileReference; lastKnownFileType = sourcecode.swift; path = PagesViewController.swift; sourceTree = "<group>"; };
		F48094622B38F547004C9F96 /* Onboarding View Controller.swift */ = {isa = PBXFileReference; lastKnownFileType = sourcecode.swift; path = "Onboarding View Controller.swift"; sourceTree = "<group>"; };
		F48094652B38F587004C9F96 /* MainTabBarController.swift */ = {isa = PBXFileReference; lastKnownFileType = sourcecode.swift; path = MainTabBarController.swift; sourceTree = "<group>"; };
		F480946B2B38F600004C9F96 /* HomeViewController.swift */ = {isa = PBXFileReference; lastKnownFileType = sourcecode.swift; path = HomeViewController.swift; sourceTree = "<group>"; };
		F480946D2B38F626004C9F96 /* HomePresenter.swift */ = {isa = PBXFileReference; lastKnownFileType = sourcecode.swift; path = HomePresenter.swift; sourceTree = "<group>"; };
		F480947C2B38F971004C9F96 /* ChristmasTreePresenter.swift */ = {isa = PBXFileReference; lastKnownFileType = sourcecode.swift; path = ChristmasTreePresenter.swift; sourceTree = "<group>"; };
		F480947E2B38F9A6004C9F96 /* ChristmasTreeVC.swift */ = {isa = PBXFileReference; lastKnownFileType = sourcecode.swift; path = ChristmasTreeVC.swift; sourceTree = "<group>"; };
		F48094802B38F9CE004C9F96 /* ChristmasTreeModel.swift */ = {isa = PBXFileReference; lastKnownFileType = sourcecode.swift; path = ChristmasTreeModel.swift; sourceTree = "<group>"; };
		F48094852B38FA2A004C9F96 /* ProfilePresenter.swift */ = {isa = PBXFileReference; lastKnownFileType = sourcecode.swift; path = ProfilePresenter.swift; sourceTree = "<group>"; };
		F48094872B38FA47004C9F96 /* ProfileVC.swift */ = {isa = PBXFileReference; lastKnownFileType = sourcecode.swift; path = ProfileVC.swift; sourceTree = "<group>"; };
		F48094A22B477667004C9F96 /* API.swift */ = {isa = PBXFileReference; lastKnownFileType = sourcecode.swift; path = API.swift; sourceTree = "<group>"; };
		F48094A42B47768A004C9F96 /* Endpoints.swift */ = {isa = PBXFileReference; lastKnownFileType = sourcecode.swift; path = Endpoints.swift; sourceTree = "<group>"; };
		F48094A62B4776AD004C9F96 /* Networking Manager.swift */ = {isa = PBXFileReference; lastKnownFileType = sourcecode.swift; path = "Networking Manager.swift"; sourceTree = "<group>"; };
		F48094A82B4776C6004C9F96 /* Networking Structs.swift */ = {isa = PBXFileReference; lastKnownFileType = sourcecode.swift; path = "Networking Structs.swift"; sourceTree = "<group>"; };
		F48094B02B4D88BB004C9F96 /* DetailCastAndCrewCell.swift */ = {isa = PBXFileReference; lastKnownFileType = sourcecode.swift; path = DetailCastAndCrewCell.swift; sourceTree = "<group>"; };
		F48094B22B4D88D7004C9F96 /* DetailCastAndCrewView.swift */ = {isa = PBXFileReference; lastKnownFileType = sourcecode.swift; path = DetailCastAndCrewView.swift; sourceTree = "<group>"; };
		F48094B42B4D88F3004C9F96 /* DetailGalleryCell.swift */ = {isa = PBXFileReference; lastKnownFileType = sourcecode.swift; path = DetailGalleryCell.swift; sourceTree = "<group>"; };
		F48094B62B4D8910004C9F96 /* DetailGalleryView.swift */ = {isa = PBXFileReference; lastKnownFileType = sourcecode.swift; path = DetailGalleryView.swift; sourceTree = "<group>"; };
		F48094B82B4D8926004C9F96 /* DetailHeaderView.swift */ = {isa = PBXFileReference; lastKnownFileType = sourcecode.swift; path = DetailHeaderView.swift; sourceTree = "<group>"; };
		F48094BA2B4D893E004C9F96 /* DetailViewController.swift */ = {isa = PBXFileReference; lastKnownFileType = sourcecode.swift; path = DetailViewController.swift; sourceTree = "<group>"; };
		F48094BC2B4D8955004C9F96 /* SectionHeaderView.swift */ = {isa = PBXFileReference; lastKnownFileType = sourcecode.swift; path = SectionHeaderView.swift; sourceTree = "<group>"; };
		F48094BE2B4D8968004C9F96 /* DetailProtocol.swift */ = {isa = PBXFileReference; lastKnownFileType = sourcecode.swift; path = DetailProtocol.swift; sourceTree = "<group>"; };
		F48094C02B4D89A7004C9F96 /* DetailPresenter.swift */ = {isa = PBXFileReference; lastKnownFileType = sourcecode.swift; path = DetailPresenter.swift; sourceTree = "<group>"; };
		F48094C32B4D8A72004C9F96 /* DetailCell.swift */ = {isa = PBXFileReference; lastKnownFileType = sourcecode.swift; path = DetailCell.swift; sourceTree = "<group>"; };
		F48094C52B4D8A8C004C9F96 /* ConfigurableProtocol.swift */ = {isa = PBXFileReference; lastKnownFileType = sourcecode.swift; path = ConfigurableProtocol.swift; sourceTree = "<group>"; };
		F48094CC2B4DF602004C9F96 /* AppFactory.swift */ = {isa = PBXFileReference; lastKnownFileType = sourcecode.swift; path = AppFactory.swift; sourceTree = "<group>"; };
		F48094CE2B4DF620004C9F96 /* RootRouter.swift */ = {isa = PBXFileReference; lastKnownFileType = sourcecode.swift; path = RootRouter.swift; sourceTree = "<group>"; };
		F48094D02B4DF648004C9F96 /* HomeRouterNew.swift */ = {isa = PBXFileReference; lastKnownFileType = sourcecode.swift; path = HomeRouterNew.swift; sourceTree = "<group>"; };
		F48094D42B4DF6E3004C9F96 /* SearchPresenter.swift */ = {isa = PBXFileReference; lastKnownFileType = sourcecode.swift; path = SearchPresenter.swift; sourceTree = "<group>"; };
		F48094D72B4DF707004C9F96 /* SearchVC.swift */ = {isa = PBXFileReference; lastKnownFileType = sourcecode.swift; path = SearchVC.swift; sourceTree = "<group>"; };
		F48094D92B4DF838004C9F96 /* SearchRouter.swift */ = {isa = PBXFileReference; lastKnownFileType = sourcecode.swift; path = SearchRouter.swift; sourceTree = "<group>"; };
		F48094DB2B4DF8C2004C9F96 /* ChristmasTreeRouter.swift */ = {isa = PBXFileReference; lastKnownFileType = sourcecode.swift; path = ChristmasTreeRouter.swift; sourceTree = "<group>"; };
		F48094DD2B4E020E004C9F96 /* UINavigationController Extension.swift */ = {isa = PBXFileReference; lastKnownFileType = sourcecode.swift; path = "UINavigationController Extension.swift"; sourceTree = "<group>"; };
		F48A8F7B2B52909900635EAB /* SearchBuilder.swift */ = {isa = PBXFileReference; lastKnownFileType = sourcecode.swift; path = SearchBuilder.swift; sourceTree = "<group>"; };
		F4F0225B2B855A33004D10A4 /* ComingSoonCell.swift */ = {isa = PBXFileReference; lastKnownFileType = sourcecode.swift; path = ComingSoonCell.swift; sourceTree = "<group>"; };
		FA37EACD2B459EB800760039 /* PopularMovieViewController.swift */ = {isa = PBXFileReference; lastKnownFileType = sourcecode.swift; path = PopularMovieViewController.swift; sourceTree = "<group>"; };
		FA37EACF2B459ED700760039 /* PopularMoviePresenter.swift */ = {isa = PBXFileReference; lastKnownFileType = sourcecode.swift; path = PopularMoviePresenter.swift; sourceTree = "<group>"; };
		FA37EAD22B4C00AF00760039 /* SearchCellModel.swift */ = {isa = PBXFileReference; lastKnownFileType = sourcecode.swift; path = SearchCellModel.swift; sourceTree = "<group>"; };
/* End PBXFileReference section */

/* Begin PBXFrameworksBuildPhase section */
		F48094232B389AE6004C9F96 /* Frameworks */ = {
			isa = PBXFrameworksBuildPhase;
			buildActionMask = 2147483647;
			files = (
				3CF904882B3C44DB006E9D51 /* RealmSwift in Frameworks */,
				3CF904862B3C44DB006E9D51 /* Realm in Frameworks */,
				F48094502B38EF35004C9F96 /* SnapKit in Frameworks */,
			);
			runOnlyForDeploymentPostprocessing = 0;
		};
/* End PBXFrameworksBuildPhase section */

/* Begin PBXGroup section */
		3C0BEEE82B4C6C5800CC7FA4 /* HomeBuilder */ = {
			isa = PBXGroup;
			children = (
				3C0BEEEA2B4C6C8100CC7FA4 /* HomeBuilder.swift */,
			);
			path = HomeBuilder;
			sourceTree = "<group>";
		};
		3C0BEEE92B4C6C6100CC7FA4 /* HomeRouter */ = {
			isa = PBXGroup;
			children = (
				F48094D02B4DF648004C9F96 /* HomeRouterNew.swift */,
				3C0BEEEC2B4C6D2700CC7FA4 /* MyHomeRouter.swift */,
			);
			path = HomeRouter;
			sourceTree = "<group>";
		};
		3C0BEEF82B4EBAD800CC7FA4 /* CacheManager */ = {
			isa = PBXGroup;
			children = (
				3C0BEEF92B4EBAE700CC7FA4 /* CacheManager.swift */,
			);
			path = CacheManager;
			sourceTree = "<group>";
		};
		3C0BEEFB2B4ECF4F00CC7FA4 /* Popular */ = {
			isa = PBXGroup;
			children = (
				3C0BEEFE2B4ECF6300CC7FA4 /* Model */,
				3C0BEEFD2B4ECF5E00CC7FA4 /* Presenter */,
				3C0BEEFC2B4ECF5700CC7FA4 /* View */,
			);
			path = Popular;
			sourceTree = "<group>";
		};
		3C0BEEFC2B4ECF5700CC7FA4 /* View */ = {
			isa = PBXGroup;
			children = (
				FA37EACD2B459EB800760039 /* PopularMovieViewController.swift */,
				3C0BEF0E2B514A2700CC7FA4 /* PopularMovie + TableVIew.swift */,
			);
			path = View;
			sourceTree = "<group>";
		};
		3C0BEEFD2B4ECF5E00CC7FA4 /* Presenter */ = {
			isa = PBXGroup;
			children = (
				FA37EACF2B459ED700760039 /* PopularMoviePresenter.swift */,
			);
			path = Presenter;
			sourceTree = "<group>";
		};
		3C0BEEFE2B4ECF6300CC7FA4 /* Model */ = {
			isa = PBXGroup;
			children = (
				FA37EAD22B4C00AF00760039 /* SearchCellModel.swift */,
			);
			path = Model;
			sourceTree = "<group>";
		};
		3C18BE962B52B9E600AD8F76 /* Header */ = {
			isa = PBXGroup;
			children = (
				3C18BE972B52B9F400AD8F76 /* HeaderCell.swift */,
			);
			path = Header;
			sourceTree = "<group>";
		};
		3C18BE992B52C42E00AD8F76 /* Footer */ = {
			isa = PBXGroup;
			children = (
				3C18BE9A2B52C43900AD8F76 /* FooterCell.swift */,
			);
			path = Footer;
			sourceTree = "<group>";
		};
		3C18BEA22B557F3E00AD8F76 /* Model */ = {
			isa = PBXGroup;
			children = (
				3C18BEA32B557FB300AD8F76 /* MovieRecent.swift */,
				F4F0225B2B855A33004D10A4 /* ComingSoonCell.swift */,
			);
			path = Model;
			sourceTree = "<group>";
		};
		3C304A4C2B3B0ACE003A88AA /* ModuleBuilder */ = {
			isa = PBXGroup;
			children = (
				3CA4D10D2B3B0B6D00073990 /* ModuleBuilder.swift */,
			);
			path = ModuleBuilder;
			sourceTree = "<group>";
		};
		3C304A4D2B3B0AD6003A88AA /* Router */ = {
			isa = PBXGroup;
			children = (
				3CA4D10B2B3B0B2900073990 /* ProfileRouter.swift */,
			);
			path = Router;
			sourceTree = "<group>";
		};
		3CA4D10F2B3B0DCF00073990 /* MainVC */ = {
			isa = PBXGroup;
			children = (
				F48094822B38F9FF004C9F96 /* Presenter */,
				F48094832B38FA06004C9F96 /* View */,
			);
			path = MainVC;
			sourceTree = "<group>";
		};
		3CA4D1102B3B0DDE00073990 /* EditProfileVC */ = {
			isa = PBXGroup;
			children = (
				3CF9048D2B3C45E7006E9D51 /* Model */,
				3CA4D1152B3B1B1100073990 /* ViewBuilder */,
				3CA4D1122B3B0E0200073990 /* Presenter */,
				3CA4D1112B3B0DF300073990 /* View */,
			);
			path = EditProfileVC;
			sourceTree = "<group>";
		};
		3CA4D1112B3B0DF300073990 /* View */ = {
			isa = PBXGroup;
			children = (
				3CA4D1132B3B0E2200073990 /* EditProfileVC.swift */,
				3CFEF1312B418B42000DA0B1 /* EditProfileVC + Extension.swift */,
			);
			path = View;
			sourceTree = "<group>";
		};
		3CA4D1122B3B0E0200073990 /* Presenter */ = {
			isa = PBXGroup;
			children = (
				3CF9046C2B3B2924006E9D51 /* EditProfilePresenter.swift */,
			);
			path = Presenter;
			sourceTree = "<group>";
		};
		3CA4D1152B3B1B1100073990 /* ViewBuilder */ = {
			isa = PBXGroup;
			children = (
				3CA4D1162B3B1B1E00073990 /* ViewBuilder.swift */,
			);
			path = ViewBuilder;
			sourceTree = "<group>";
		};
		3CF9046E2B3B2DA3006E9D51 /* PolicyVC */ = {
			isa = PBXGroup;
			children = (
				3CF904732B3B30FD006E9D51 /* PolicyStorage.swift */,
				3CF904962B3D7C69006E9D51 /* Model */,
				3CF904722B3B2E32006E9D51 /* Presenter */,
				3CF904712B3B2E2C006E9D51 /* View */,
			);
			path = PolicyVC;
			sourceTree = "<group>";
		};
		3CF904712B3B2E2C006E9D51 /* View */ = {
			isa = PBXGroup;
			children = (
				3CF9046F2B3B2E25006E9D51 /* PolicyVC.swift */,
			);
			path = View;
			sourceTree = "<group>";
		};
		3CF904722B3B2E32006E9D51 /* Presenter */ = {
			isa = PBXGroup;
			children = (
				3CF904752B3B409E006E9D51 /* PolicyPresenter.swift */,
			);
			path = Presenter;
			sourceTree = "<group>";
		};
		3CF904772B3B5CC3006E9D51 /* AboutUsVC */ = {
			isa = PBXGroup;
			children = (
				3CF9047F2B3B8587006E9D51 /* Model */,
				3CF904792B3B5CD5006E9D51 /* Presenter */,
				3CF904782B3B5CD1006E9D51 /* View */,
			);
			path = AboutUsVC;
			sourceTree = "<group>";
		};
		3CF904782B3B5CD1006E9D51 /* View */ = {
			isa = PBXGroup;
			children = (
				3C18BE992B52C42E00AD8F76 /* Footer */,
				3C18BE962B52B9E600AD8F76 /* Header */,
				3CF9047C2B3B60B0006E9D51 /* Cell */,
				3CF9047A2B3B5D05006E9D51 /* AboutUsVC.swift */,
			);
			path = View;
			sourceTree = "<group>";
		};
		3CF904792B3B5CD5006E9D51 /* Presenter */ = {
			isa = PBXGroup;
			children = (
				3CF904822B3B86F7006E9D51 /* AboutUsPresenter.swift */,
			);
			path = Presenter;
			sourceTree = "<group>";
		};
		3CF9047C2B3B60B0006E9D51 /* Cell */ = {
			isa = PBXGroup;
			children = (
				3CF9047D2B3B60CD006E9D51 /* DeveloperCell.swift */,
			);
			path = Cell;
			sourceTree = "<group>";
		};
		3CF9047F2B3B8587006E9D51 /* Model */ = {
			isa = PBXGroup;
			children = (
				3CF904802B3B8595006E9D51 /* Developer.swift */,
			);
			path = Model;
			sourceTree = "<group>";
		};
		3CF904892B3C4513006E9D51 /* Services */ = {
			isa = PBXGroup;
			children = (
				3C0BEEF82B4EBAD800CC7FA4 /* CacheManager */,
				F48094A12B477658004C9F96 /* Network */,
				3CF9048A2B3C4519006E9D51 /* Realm */,
			);
			path = Services;
			sourceTree = "<group>";
		};
		3CF9048A2B3C4519006E9D51 /* Realm */ = {
			isa = PBXGroup;
			children = (
				3CF9048B2B3C4526006E9D51 /* StorageManager.swift */,
			);
			path = Realm;
			sourceTree = "<group>";
		};
		3CF9048D2B3C45E7006E9D51 /* Model */ = {
			isa = PBXGroup;
			children = (
				3CF9048E2B3C45F1006E9D51 /* User.swift */,
			);
			path = Model;
			sourceTree = "<group>";
		};
		3CF904962B3D7C69006E9D51 /* Model */ = {
			isa = PBXGroup;
			children = (
				3CF904972B3D7C72006E9D51 /* Policy.swift */,
			);
			path = Model;
			sourceTree = "<group>";
		};
		3CF9049B2B3DCF6B006E9D51 /* NotificationsVC */ = {
			isa = PBXGroup;
			children = (
				3CF9049D2B3DCF83006E9D51 /* Presenter */,
				3CF9049C2B3DCF7E006E9D51 /* View */,
			);
			path = NotificationsVC;
			sourceTree = "<group>";
		};
		3CF9049C2B3DCF7E006E9D51 /* View */ = {
			isa = PBXGroup;
			children = (
				3CF9049E2B3DD094006E9D51 /* NotificationsVC.swift */,
			);
			path = View;
			sourceTree = "<group>";
		};
		3CF9049D2B3DCF83006E9D51 /* Presenter */ = {
			isa = PBXGroup;
			children = (
				3CF904A02B3DD9AA006E9D51 /* NotificationsPresenter.swift */,
			);
			path = Presenter;
			sourceTree = "<group>";
		};
		3CF904A22B3DFD6A006E9D51 /* LanguageVC */ = {
			isa = PBXGroup;
			children = (
				3CFEF12B2B418AD9000DA0B1 /* Presenter */,
				3CF904A32B3DFD85006E9D51 /* View */,
			);
			path = LanguageVC;
			sourceTree = "<group>";
		};
		3CF904A32B3DFD85006E9D51 /* View */ = {
			isa = PBXGroup;
			children = (
				3CFEF12C2B418AE0000DA0B1 /* Cell */,
				3CF904A62B3DFE47006E9D51 /* LanguageVC.swift */,
			);
			path = View;
			sourceTree = "<group>";
		};
		3CF904AB2B3E057E006E9D51 /* SearchBar */ = {
			isa = PBXGroup;
			children = (
				3CF904AD2B3E05A0006E9D51 /* SearchBarView + Extensions.swift */,
				3CF904AE2B3E05A0006E9D51 /* SearchBarView.swift */,
				3CF904AC2B3E05A0006E9D51 /* SearchBarViewDelegate.swift */,
			);
			path = SearchBar;
			sourceTree = "<group>";
		};
		3CF904B92B3F282F006E9D51 /* Wishlist */ = {
			isa = PBXGroup;
			children = (
				3CFEF1372B41937D000DA0B1 /* Helpers */,
				3CF904BC2B3F2894006E9D51 /* Presenter */,
				3CF904BB2B3F288F006E9D51 /* View */,
				3CF904BA2B3F288A006E9D51 /* Model */,
			);
			path = Wishlist;
			sourceTree = "<group>";
		};
		3CF904BA2B3F288A006E9D51 /* Model */ = {
			isa = PBXGroup;
			children = (
				3CF904C52B3F5070006E9D51 /* MovieWishlist.swift */,
			);
			path = Model;
			sourceTree = "<group>";
		};
		3CF904BB2B3F288F006E9D51 /* View */ = {
			isa = PBXGroup;
			children = (
				3CF904BE2B3F28D6006E9D51 /* WishlistVC.swift */,
				3CFEF1332B418F70000DA0B1 /* WishlistVC + UITableView.swift */,
				3CF904C02B3F2BB8006E9D51 /* PlugView.swift */,
			);
			path = View;
			sourceTree = "<group>";
		};
		3CF904BC2B3F2894006E9D51 /* Presenter */ = {
			isa = PBXGroup;
			children = (
				3CF904C22B3F49CF006E9D51 /* WishlistPresenter.swift */,
			);
			path = Presenter;
			sourceTree = "<group>";
		};
		3CFEF12B2B418AD9000DA0B1 /* Presenter */ = {
			isa = PBXGroup;
			children = (
				3CFEF12D2B418AE9000DA0B1 /* LanguagePresenter.swift */,
			);
			path = Presenter;
			sourceTree = "<group>";
		};
		3CFEF12C2B418AE0000DA0B1 /* Cell */ = {
			isa = PBXGroup;
			children = (
				3CFEF12F2B418AF3000DA0B1 /* LanguageCell.swift */,
			);
			path = Cell;
			sourceTree = "<group>";
		};
		3CFEF1372B41937D000DA0B1 /* Helpers */ = {
			isa = PBXGroup;
			children = (
				3CFEF1352B4190DE000DA0B1 /* AlertHelper.swift */,
			);
			path = Helpers;
			sourceTree = "<group>";
		};
		842B8BBF2B4F1F9700753510 /* MovieLists */ = {
			isa = PBXGroup;
			children = (
				842B8BC02B4F1FD900753510 /* Presenter */,
				842B8BC12B4F1FE600753510 /* View */,
			);
			path = MovieLists;
			sourceTree = "<group>";
		};
		842B8BC02B4F1FD900753510 /* Presenter */ = {
			isa = PBXGroup;
			children = (
				842B8BC22B4F21E300753510 /* MovieListPresenter.swift */,
			);
			path = Presenter;
			sourceTree = "<group>";
		};
		842B8BC12B4F1FE600753510 /* View */ = {
			isa = PBXGroup;
			children = (
				842B8BC62B4F2B0C00753510 /* MovieListTableCell */,
				842B8BC42B4F220C00753510 /* MovieListController.swift */,
			);
			path = View;
			sourceTree = "<group>";
		};
		842B8BC62B4F2B0C00753510 /* MovieListTableCell */ = {
			isa = PBXGroup;
			children = (
				842B8BC72B4F2B3200753510 /* MovieListCell.swift */,
			);
			path = MovieListTableCell;
			sourceTree = "<group>";
		};
		84AF6AD22B4B026700E3CB47 /* HeaderViews */ = {
			isa = PBXGroup;
			children = (
				84AF6AD32B4B029700E3CB47 /* CatergoriesView.swift */,
			);
			path = HeaderViews;
			sourceTree = "<group>";
		};
		84AF6AD52B4B02AE00E3CB47 /* CollectionCell */ = {
			isa = PBXGroup;
			children = (
				84AF6AD62B4B02D300E3CB47 /* CategoriesCell.swift */,
			);
			path = CollectionCell;
			sourceTree = "<group>";
		};
		E012D7F02B537D2500B29DC4 /* CustomBarItem */ = {
			isa = PBXGroup;
			children = (
				E012D7F12B537D3A00B29DC4 /* CustomBarItem.swift */,
			);
			path = CustomBarItem;
			sourceTree = "<group>";
		};
		E040968F2B4DFB5D00BF8DA9 /* ImageDownloader */ = {
			isa = PBXGroup;
			children = (
				E04096902B4DFB7000BF8DA9 /* ImageDownloader.swift */,
			);
			path = ImageDownloader;
			sourceTree = "<group>";
		};
		E04096932B4E2D7500BF8DA9 /* DetailRouter */ = {
			isa = PBXGroup;
			children = (
				E04096942B4E2D8800BF8DA9 /* DetailRouter.swift */,
			);
			path = DetailRouter;
			sourceTree = "<group>";
		};
		F47858EB2B6445D500883025 /* Cells */ = {
			isa = PBXGroup;
			children = (
				F48094C52B4D8A8C004C9F96 /* ConfigurableProtocol.swift */,
				F48094C32B4D8A72004C9F96 /* DetailCell.swift */,
				F48094B02B4D88BB004C9F96 /* DetailCastAndCrewCell.swift */,
				F48094B42B4D88F3004C9F96 /* DetailGalleryCell.swift */,
				E012D7EE2B532B9C00B29DC4 /* DetailStoryLineCell.swift */,
			);
			path = Cells;
			sourceTree = "<group>";
		};
		F480941D2B389AE6004C9F96 = {
			isa = PBXGroup;
			children = (
				F48094282B389AE6004C9F96 /* MovieApp */,
				F48094272B389AE6004C9F96 /* Products */,
			);
			sourceTree = "<group>";
		};
		F48094272B389AE6004C9F96 /* Products */ = {
			isa = PBXGroup;
			children = (
				F48094262B389AE6004C9F96 /* MovieApp.app */,
			);
			name = Products;
			sourceTree = "<group>";
		};
		F48094282B389AE6004C9F96 /* MovieApp */ = {
			isa = PBXGroup;
			children = (
				F480943D2B389E2C004C9F96 /* Application */,
				F48094CB2B4DF5E7004C9F96 /* Components */,
				3CF904892B3C4513006E9D51 /* Services */,
				F480945C2B38F496004C9F96 /* Model */,
				F480943F2B389E49004C9F96 /* Moduls */,
				F48094442B38A4D8004C9F96 /* Resources */,
				F480943E2B389E42004C9F96 /* Extensions */,
				F480942D2B389AE6004C9F96 /* ViewController.swift */,
				F48094322B389AE7004C9F96 /* Assets.xcassets */,
				F48094372B389AE7004C9F96 /* Info.plist */,
			);
			path = MovieApp;
			sourceTree = "<group>";
		};
		F480943D2B389E2C004C9F96 /* Application */ = {
			isa = PBXGroup;
			children = (
				F48094292B389AE6004C9F96 /* AppDelegate.swift */,
				F480942B2B389AE6004C9F96 /* SceneDelegate.swift */,
				F48094342B389AE7004C9F96 /* LaunchScreen.storyboard */,
			);
			path = Application;
			sourceTree = "<group>";
		};
		F480943E2B389E42004C9F96 /* Extensions */ = {
			isa = PBXGroup;
			children = (
				F48094402B389E6F004C9F96 /* UIColor Extension.swift */,
				F48094422B38A37A004C9F96 /* UIFont Extension.swift */,
				F480944C2B38A616004C9F96 /* UILabel Extension.swift */,
				F48094532B38EFD6004C9F96 /* UIView Extension.swift */,
				F48094552B38F113004C9F96 /* UIViewController Extension.swift */,
				F48094DD2B4E020E004C9F96 /* UINavigationController Extension.swift */,
			);
			path = Extensions;
			sourceTree = "<group>";
		};
		F480943F2B389E49004C9F96 /* Moduls */ = {
			isa = PBXGroup;
			children = (
				3C0BEEFB2B4ECF4F00CC7FA4 /* Popular */,
				F48094572B38F424004C9F96 /* Onboarding */,
				F48094642B38F558004C9F96 /* Custom Tabbar */,
				F48094582B38F42E004C9F96 /* Home */,
				F48094D22B4DF6B7004C9F96 /* Search */,
				F48094AA2B4D884A004C9F96 /* Details */,
				3CF904B92B3F282F006E9D51 /* Wishlist */,
				F480945B2B38F474004C9F96 /* Christmas Tree */,
				F48094592B38F435004C9F96 /* Profile */,
				842B8BBF2B4F1F9700753510 /* MovieLists */,
			);
			path = Moduls;
			sourceTree = "<group>";
		};
		F48094442B38A4D8004C9F96 /* Resources */ = {
			isa = PBXGroup;
			children = (
				F48094452B38A4EB004C9F96 /* Fonts */,
			);
			path = Resources;
			sourceTree = "<group>";
		};
		F48094452B38A4EB004C9F96 /* Fonts */ = {
			isa = PBXGroup;
			children = (
				F48094472B38A543004C9F96 /* Montserrat-Medium.ttf */,
				F48094482B38A543004C9F96 /* Montserrat-Regular.ttf */,
				F48094462B38A543004C9F96 /* Montserrat-SemiBold.ttf */,
			);
			path = Fonts;
			sourceTree = "<group>";
		};
		F48094572B38F424004C9F96 /* Onboarding */ = {
			isa = PBXGroup;
			children = (
				F48094602B38F514004C9F96 /* PagesViewController.swift */,
				F48094622B38F547004C9F96 /* Onboarding View Controller.swift */,
			);
			path = Onboarding;
			sourceTree = "<group>";
		};
		F48094582B38F42E004C9F96 /* Home */ = {
			isa = PBXGroup;
			children = (
				E012D7F02B537D2500B29DC4 /* CustomBarItem */,
				3C0BEEE92B4C6C6100CC7FA4 /* HomeRouter */,
				3C0BEEE82B4C6C5800CC7FA4 /* HomeBuilder */,
				F48094702B38F70C004C9F96 /* View */,
				F48094712B38F70F004C9F96 /* Presenter */,
			);
			path = Home;
			sourceTree = "<group>";
		};
		F48094592B38F435004C9F96 /* Profile */ = {
			isa = PBXGroup;
			children = (
				3C304A4D2B3B0AD6003A88AA /* Router */,
				3C304A4C2B3B0ACE003A88AA /* ModuleBuilder */,
				3CA4D10F2B3B0DCF00073990 /* MainVC */,
				3CA4D1102B3B0DDE00073990 /* EditProfileVC */,
				3CF9046E2B3B2DA3006E9D51 /* PolicyVC */,
				3CF904772B3B5CC3006E9D51 /* AboutUsVC */,
				3CF9049B2B3DCF6B006E9D51 /* NotificationsVC */,
				3CF904A22B3DFD6A006E9D51 /* LanguageVC */,
			);
			path = Profile;
			sourceTree = "<group>";
		};
		F480945B2B38F474004C9F96 /* Christmas Tree */ = {
			isa = PBXGroup;
			children = (
				F480947B2B38F951004C9F96 /* Model */,
				F480947A2B38F94D004C9F96 /* View */,
				F48094792B38F947004C9F96 /* Presenter */,
			);
			path = "Christmas Tree";
			sourceTree = "<group>";
		};
		F480945C2B38F496004C9F96 /* Model */ = {
			isa = PBXGroup;
			children = (
				F48094C72B4DECAB004C9F96 /* Cells */,
				3CF904AB2B3E057E006E9D51 /* SearchBar */,
			);
			path = Model;
			sourceTree = "<group>";
		};
		F48094642B38F558004C9F96 /* Custom Tabbar */ = {
			isa = PBXGroup;
			children = (
				F48094652B38F587004C9F96 /* MainTabBarController.swift */,
			);
			path = "Custom Tabbar";
			sourceTree = "<group>";
		};
		F48094702B38F70C004C9F96 /* View */ = {
			isa = PBXGroup;
			children = (
				F480946B2B38F600004C9F96 /* HomeViewController.swift */,
				84AF6AD52B4B02AE00E3CB47 /* CollectionCell */,
				84AF6AD22B4B026700E3CB47 /* HeaderViews */,
			);
			path = View;
			sourceTree = "<group>";
		};
		F48094712B38F70F004C9F96 /* Presenter */ = {
			isa = PBXGroup;
			children = (
				F480946D2B38F626004C9F96 /* HomePresenter.swift */,
			);
			path = Presenter;
			sourceTree = "<group>";
		};
		F48094792B38F947004C9F96 /* Presenter */ = {
			isa = PBXGroup;
			children = (
				F480947C2B38F971004C9F96 /* ChristmasTreePresenter.swift */,
			);
			path = Presenter;
			sourceTree = "<group>";
		};
		F480947A2B38F94D004C9F96 /* View */ = {
			isa = PBXGroup;
			children = (
				F480947E2B38F9A6004C9F96 /* ChristmasTreeVC.swift */,
				F48094DB2B4DF8C2004C9F96 /* ChristmasTreeRouter.swift */,
			);
			path = View;
			sourceTree = "<group>";
		};
		F480947B2B38F951004C9F96 /* Model */ = {
			isa = PBXGroup;
			children = (
				F48094802B38F9CE004C9F96 /* ChristmasTreeModel.swift */,
			);
			path = Model;
			sourceTree = "<group>";
		};
		F48094822B38F9FF004C9F96 /* Presenter */ = {
			isa = PBXGroup;
			children = (
				F48094852B38FA2A004C9F96 /* ProfilePresenter.swift */,
			);
			path = Presenter;
			sourceTree = "<group>";
		};
		F48094832B38FA06004C9F96 /* View */ = {
			isa = PBXGroup;
			children = (
				F48094872B38FA47004C9F96 /* ProfileVC.swift */,
				3CD315DE2B39BF97003035B0 /* UserInfoView.swift */,
				3CD315E62B39D2D6003035B0 /* BaseSettingView.swift */,
				3CD315E02B39C120003035B0 /* GeneralView.swift */,
				3CD315E42B39CF20003035B0 /* MoreView.swift */,
				3CD315E22B39C378003035B0 /* SettingView.swift */,
			);
			path = View;
			sourceTree = "<group>";
		};
		F48094A12B477658004C9F96 /* Network */ = {
			isa = PBXGroup;
			children = (
				F48094A22B477667004C9F96 /* API.swift */,
				F48094A42B47768A004C9F96 /* Endpoints.swift */,
				F48094A62B4776AD004C9F96 /* Networking Manager.swift */,
				F48094A82B4776C6004C9F96 /* Networking Structs.swift */,
			);
			path = Network;
			sourceTree = "<group>";
		};
		F48094AA2B4D884A004C9F96 /* Details */ = {
			isa = PBXGroup;
			children = (
				E04096932B4E2D7500BF8DA9 /* DetailRouter */,
				E040968F2B4DFB5D00BF8DA9 /* ImageDownloader */,
				F48094AB2B4D885E004C9F96 /* Model */,
				F48094AD2B4D8867004C9F96 /* View */,
				F48094AC2B4D8862004C9F96 /* Presenter */,
			);
			path = Details;
			sourceTree = "<group>";
		};
		F48094AB2B4D885E004C9F96 /* Model */ = {
			isa = PBXGroup;
			children = (
				F47858EB2B6445D500883025 /* Cells */,
			);
			path = Model;
			sourceTree = "<group>";
		};
		F48094AC2B4D8862004C9F96 /* Presenter */ = {
			isa = PBXGroup;
			children = (
				F48094BE2B4D8968004C9F96 /* DetailProtocol.swift */,
				F48094C02B4D89A7004C9F96 /* DetailPresenter.swift */,
			);
			path = Presenter;
			sourceTree = "<group>";
		};
		F48094AD2B4D8867004C9F96 /* View */ = {
			isa = PBXGroup;
			children = (
				F48094BA2B4D893E004C9F96 /* DetailViewController.swift */,
				F48094B22B4D88D7004C9F96 /* DetailCastAndCrewView.swift */,
				F48094B62B4D8910004C9F96 /* DetailGalleryView.swift */,
				E04096962B4F65AE00BF8DA9 /* ShareView.swift */,
				F48094B82B4D8926004C9F96 /* DetailHeaderView.swift */,
				F48094BC2B4D8955004C9F96 /* SectionHeaderView.swift */,
			);
			path = View;
			sourceTree = "<group>";
		};
		F48094C72B4DECAB004C9F96 /* Cells */ = {
			isa = PBXGroup;
			children = (
				3CF904902B3C7913006E9D51 /* MovieSmallCell.swift */,
				3CF904922B3C7919006E9D51 /* MovieBigCell.swift */,
				3CF904942B3C791E006E9D51 /* WishlistCell.swift */,
				F480945E2B38F4B2004C9F96 /* PreviewCategoryCell.swift */,
			);
			path = Cells;
			sourceTree = "<group>";
		};
		F48094CB2B4DF5E7004C9F96 /* Components */ = {
			isa = PBXGroup;
			children = (
				F48094CC2B4DF602004C9F96 /* AppFactory.swift */,
				F48094CE2B4DF620004C9F96 /* RootRouter.swift */,
			);
			path = Components;
			sourceTree = "<group>";
		};
		F48094D22B4DF6B7004C9F96 /* Search */ = {
			isa = PBXGroup;
			children = (
				3C18BEA22B557F3E00AD8F76 /* Model */,
				F48A8F7A2B52908200635EAB /* SearchBuilder */,
				F48A8F7F2B52912600635EAB /* SearchRouter */,
				F48A8F7E2B52911400635EAB /* View */,
				F48094D32B4DF6D7004C9F96 /* Presenter */,
			);
			path = Search;
			sourceTree = "<group>";
		};
		F48094D32B4DF6D7004C9F96 /* Presenter */ = {
			isa = PBXGroup;
			children = (
				F48094D42B4DF6E3004C9F96 /* SearchPresenter.swift */,
			);
			path = Presenter;
			sourceTree = "<group>";
		};
		F48A8F7A2B52908200635EAB /* SearchBuilder */ = {
			isa = PBXGroup;
			children = (
				F48A8F7B2B52909900635EAB /* SearchBuilder.swift */,
			);
			path = SearchBuilder;
			sourceTree = "<group>";
		};
		F48A8F7E2B52911400635EAB /* View */ = {
			isa = PBXGroup;
			children = (
				F48094D72B4DF707004C9F96 /* SearchVC.swift */,
			);
			path = View;
			sourceTree = "<group>";
		};
		F48A8F7F2B52912600635EAB /* SearchRouter */ = {
			isa = PBXGroup;
			children = (
				F48094D92B4DF838004C9F96 /* SearchRouter.swift */,
			);
			path = SearchRouter;
			sourceTree = "<group>";
		};
/* End PBXGroup section */

/* Begin PBXNativeTarget section */
		F48094252B389AE6004C9F96 /* MovieApp */ = {
			isa = PBXNativeTarget;
			buildConfigurationList = F480943A2B389AE7004C9F96 /* Build configuration list for PBXNativeTarget "MovieApp" */;
			buildPhases = (
				F48094222B389AE6004C9F96 /* Sources */,
				F48094232B389AE6004C9F96 /* Frameworks */,
				F48094242B389AE6004C9F96 /* Resources */,
			);
			buildRules = (
			);
			dependencies = (
			);
			name = MovieApp;
			packageProductDependencies = (
				F480944F2B38EF35004C9F96 /* SnapKit */,
				3CF904852B3C44DB006E9D51 /* Realm */,
				3CF904872B3C44DB006E9D51 /* RealmSwift */,
			);
			productName = MovieApp;
			productReference = F48094262B389AE6004C9F96 /* MovieApp.app */;
			productType = "com.apple.product-type.application";
		};
/* End PBXNativeTarget section */

/* Begin PBXProject section */
		F480941E2B389AE6004C9F96 /* Project object */ = {
			isa = PBXProject;
			attributes = {
				BuildIndependentTargetsInParallel = 1;
				LastSwiftUpdateCheck = 1510;
				LastUpgradeCheck = 1510;
				TargetAttributes = {
					F48094252B389AE6004C9F96 = {
						CreatedOnToolsVersion = 15.1;
					};
				};
			};
			buildConfigurationList = F48094212B389AE6004C9F96 /* Build configuration list for PBXProject "MovieApp" */;
			compatibilityVersion = "Xcode 14.0";
			developmentRegion = en;
			hasScannedForEncodings = 0;
			knownRegions = (
				en,
				Base,
			);
			mainGroup = F480941D2B389AE6004C9F96;
			packageReferences = (
				F480944E2B38EF35004C9F96 /* XCRemoteSwiftPackageReference "SnapKit" */,
				3CF904842B3C44DB006E9D51 /* XCRemoteSwiftPackageReference "realm-swift" */,
			);
			productRefGroup = F48094272B389AE6004C9F96 /* Products */;
			projectDirPath = "";
			projectRoot = "";
			targets = (
				F48094252B389AE6004C9F96 /* MovieApp */,
			);
		};
/* End PBXProject section */

/* Begin PBXResourcesBuildPhase section */
		F48094242B389AE6004C9F96 /* Resources */ = {
			isa = PBXResourcesBuildPhase;
			buildActionMask = 2147483647;
			files = (
				F48094492B38A543004C9F96 /* Montserrat-SemiBold.ttf in Resources */,
				F48094362B389AE7004C9F96 /* LaunchScreen.storyboard in Resources */,
				F480944A2B38A543004C9F96 /* Montserrat-Medium.ttf in Resources */,
				F480944B2B38A543004C9F96 /* Montserrat-Regular.ttf in Resources */,
				F48094332B389AE7004C9F96 /* Assets.xcassets in Resources */,
			);
			runOnlyForDeploymentPostprocessing = 0;
		};
/* End PBXResourcesBuildPhase section */

/* Begin PBXSourcesBuildPhase section */
		F48094222B389AE6004C9F96 /* Sources */ = {
			isa = PBXSourcesBuildPhase;
			buildActionMask = 2147483647;
			files = (
				E04096952B4E2D8800BF8DA9 /* DetailRouter.swift in Sources */,
				3C0BEF0F2B514A2700CC7FA4 /* PopularMovie + TableVIew.swift in Sources */,
				E012D7EF2B532B9C00B29DC4 /* DetailStoryLineCell.swift in Sources */,
				3CF9047E2B3B60CD006E9D51 /* DeveloperCell.swift in Sources */,
				3CF9049F2B3DD094006E9D51 /* NotificationsVC.swift in Sources */,
				84AF6AD72B4B02D300E3CB47 /* CategoriesCell.swift in Sources */,
				3CD315E72B39D2D6003035B0 /* BaseSettingView.swift in Sources */,
				3CA4D1142B3B0E2200073990 /* EditProfileVC.swift in Sources */,
				F48094412B389E6F004C9F96 /* UIColor Extension.swift in Sources */,
				3CF904952B3C791E006E9D51 /* WishlistCell.swift in Sources */,
				FA37EAD32B4C00AF00760039 /* SearchCellModel.swift in Sources */,
				F48094CD2B4DF602004C9F96 /* AppFactory.swift in Sources */,
				E012D7F22B537D3A00B29DC4 /* CustomBarItem.swift in Sources */,
				3CF904C12B3F2BB8006E9D51 /* PlugView.swift in Sources */,
				F480946C2B38F600004C9F96 /* HomeViewController.swift in Sources */,
				3C0BEEFA2B4EBAE700CC7FA4 /* CacheManager.swift in Sources */,
				F48094662B38F587004C9F96 /* MainTabBarController.swift in Sources */,
				3C18BE982B52B9F400AD8F76 /* HeaderCell.swift in Sources */,
				3CF904982B3D7C72006E9D51 /* Policy.swift in Sources */,
				3CFEF12E2B418AE9000DA0B1 /* LanguagePresenter.swift in Sources */,
				3CD315E12B39C120003035B0 /* GeneralView.swift in Sources */,
				F480947F2B38F9A6004C9F96 /* ChristmasTreeVC.swift in Sources */,
				3CD315E52B39CF20003035B0 /* MoreView.swift in Sources */,
				3CA4D1172B3B1B1E00073990 /* ViewBuilder.swift in Sources */,
				3CF904C62B3F5070006E9D51 /* MovieWishlist.swift in Sources */,
				F480945F2B38F4B2004C9F96 /* PreviewCategoryCell.swift in Sources */,
				3CF904BF2B3F28D6006E9D51 /* WishlistVC.swift in Sources */,
				E04096912B4DFB7000BF8DA9 /* ImageDownloader.swift in Sources */,
				F480942E2B389AE6004C9F96 /* ViewController.swift in Sources */,
				3CF9048C2B3C4526006E9D51 /* StorageManager.swift in Sources */,
				F48094562B38F113004C9F96 /* UIViewController Extension.swift in Sources */,
				3CF904742B3B30FD006E9D51 /* PolicyStorage.swift in Sources */,
				F48094DE2B4E020E004C9F96 /* UINavigationController Extension.swift in Sources */,
				F48094B32B4D88D7004C9F96 /* DetailCastAndCrewView.swift in Sources */,
				F48094B92B4D8926004C9F96 /* DetailHeaderView.swift in Sources */,
				F48094D12B4DF648004C9F96 /* HomeRouterNew.swift in Sources */,
				F48094C42B4D8A72004C9F96 /* DetailCell.swift in Sources */,
				3CA4D10E2B3B0B6D00073990 /* ModuleBuilder.swift in Sources */,
				F480946E2B38F626004C9F96 /* HomePresenter.swift in Sources */,
				3CF904A12B3DD9AA006E9D51 /* NotificationsPresenter.swift in Sources */,
				FA37EAD02B459ED700760039 /* PopularMoviePresenter.swift in Sources */,
				3CF904C32B3F49CF006E9D51 /* WishlistPresenter.swift in Sources */,
				F48094A52B47768A004C9F96 /* Endpoints.swift in Sources */,
				3CF904A72B3DFE47006E9D51 /* LanguageVC.swift in Sources */,
				842B8BC82B4F2B3200753510 /* MovieListCell.swift in Sources */,
				F48094882B38FA47004C9F96 /* ProfileVC.swift in Sources */,
				3C0BEEEB2B4C6C8100CC7FA4 /* HomeBuilder.swift in Sources */,
				F48094542B38EFD6004C9F96 /* UIView Extension.swift in Sources */,
				3C0BEEED2B4C6D2700CC7FA4 /* MyHomeRouter.swift in Sources */,
				3CD315DF2B39BF97003035B0 /* UserInfoView.swift in Sources */,
				F48094432B38A37A004C9F96 /* UIFont Extension.swift in Sources */,
				F480947D2B38F971004C9F96 /* ChristmasTreePresenter.swift in Sources */,
				E04096972B4F65AE00BF8DA9 /* ShareView.swift in Sources */,
				FA37EACE2B459EB800760039 /* PopularMovieViewController.swift in Sources */,
				842B8BC32B4F21E300753510 /* MovieListPresenter.swift in Sources */,
				F4F0225C2B855A33004D10A4 /* ComingSoonCell.swift in Sources */,
				F480944D2B38A616004C9F96 /* UILabel Extension.swift in Sources */,
				F48094C62B4D8A8C004C9F96 /* ConfigurableProtocol.swift in Sources */,
				F48094C12B4D89A7004C9F96 /* DetailPresenter.swift in Sources */,
				F48094612B38F514004C9F96 /* PagesViewController.swift in Sources */,
				84AF6AD42B4B029700E3CB47 /* CatergoriesView.swift in Sources */,
				F48094B72B4D8910004C9F96 /* DetailGalleryView.swift in Sources */,
				3C18BEA42B557FB300AD8F76 /* MovieRecent.swift in Sources */,
				3CFEF1362B4190DE000DA0B1 /* AlertHelper.swift in Sources */,
				F48094A92B4776C6004C9F96 /* Networking Structs.swift in Sources */,
				3CF904B12B3E05A0006E9D51 /* SearchBarView.swift in Sources */,
				F48094632B38F547004C9F96 /* Onboarding View Controller.swift in Sources */,
				F48094B12B4D88BB004C9F96 /* DetailCastAndCrewCell.swift in Sources */,
				3CF9047B2B3B5D05006E9D51 /* AboutUsVC.swift in Sources */,
				3CF904832B3B86F7006E9D51 /* AboutUsPresenter.swift in Sources */,
				F48094DA2B4DF838004C9F96 /* SearchRouter.swift in Sources */,
				3CFEF1322B418B42000DA0B1 /* EditProfileVC + Extension.swift in Sources */,
				F48094BB2B4D893E004C9F96 /* DetailViewController.swift in Sources */,
				F48094B52B4D88F3004C9F96 /* DetailGalleryCell.swift in Sources */,
				3CFEF1302B418AF3000DA0B1 /* LanguageCell.swift in Sources */,
				F48094D52B4DF6E3004C9F96 /* SearchPresenter.swift in Sources */,
				3CF904B02B3E05A0006E9D51 /* SearchBarView + Extensions.swift in Sources */,
				F48094BF2B4D8968004C9F96 /* DetailProtocol.swift in Sources */,
				3CF9048F2B3C45F1006E9D51 /* User.swift in Sources */,
				F48094D82B4DF707004C9F96 /* SearchVC.swift in Sources */,
				842B8BC52B4F220C00753510 /* MovieListController.swift in Sources */,
				3CF904702B3B2E25006E9D51 /* PolicyVC.swift in Sources */,
				3CF9046D2B3B2924006E9D51 /* EditProfilePresenter.swift in Sources */,
				3CF904932B3C7919006E9D51 /* MovieBigCell.swift in Sources */,
				3CD315E32B39C378003035B0 /* SettingView.swift in Sources */,
				3CF904762B3B409E006E9D51 /* PolicyPresenter.swift in Sources */,
				3CF904AF2B3E05A0006E9D51 /* SearchBarViewDelegate.swift in Sources */,
				3CA4D10C2B3B0B2900073990 /* ProfileRouter.swift in Sources */,
				F48A8F7C2B52909900635EAB /* SearchBuilder.swift in Sources */,
				F48094DC2B4DF8C2004C9F96 /* ChristmasTreeRouter.swift in Sources */,
				F48094BD2B4D8955004C9F96 /* SectionHeaderView.swift in Sources */,
				F48094A72B4776AD004C9F96 /* Networking Manager.swift in Sources */,
				F480942A2B389AE6004C9F96 /* AppDelegate.swift in Sources */,
				F48094A32B477667004C9F96 /* API.swift in Sources */,
				3CF904912B3C7913006E9D51 /* MovieSmallCell.swift in Sources */,
				3CF904812B3B8595006E9D51 /* Developer.swift in Sources */,
				F48094812B38F9CE004C9F96 /* ChristmasTreeModel.swift in Sources */,
				F48094CF2B4DF620004C9F96 /* RootRouter.swift in Sources */,
				3CFEF1342B418F70000DA0B1 /* WishlistVC + UITableView.swift in Sources */,
				F48094862B38FA2A004C9F96 /* ProfilePresenter.swift in Sources */,
				3C18BE9B2B52C43900AD8F76 /* FooterCell.swift in Sources */,
				F480942C2B389AE6004C9F96 /* SceneDelegate.swift in Sources */,
			);
			runOnlyForDeploymentPostprocessing = 0;
		};
/* End PBXSourcesBuildPhase section */

/* Begin PBXVariantGroup section */
		F48094342B389AE7004C9F96 /* LaunchScreen.storyboard */ = {
			isa = PBXVariantGroup;
			children = (
				F48094352B389AE7004C9F96 /* Base */,
			);
			name = LaunchScreen.storyboard;
			sourceTree = "<group>";
		};
/* End PBXVariantGroup section */

/* Begin XCBuildConfiguration section */
		F48094382B389AE7004C9F96 /* Debug */ = {
			isa = XCBuildConfiguration;
			buildSettings = {
				ALWAYS_SEARCH_USER_PATHS = NO;
				ASSETCATALOG_COMPILER_GENERATE_SWIFT_ASSET_SYMBOL_EXTENSIONS = YES;
				CLANG_ANALYZER_NONNULL = YES;
				CLANG_ANALYZER_NUMBER_OBJECT_CONVERSION = YES_AGGRESSIVE;
				CLANG_CXX_LANGUAGE_STANDARD = "gnu++20";
				CLANG_ENABLE_MODULES = YES;
				CLANG_ENABLE_OBJC_ARC = YES;
				CLANG_ENABLE_OBJC_WEAK = YES;
				CLANG_WARN_BLOCK_CAPTURE_AUTORELEASING = YES;
				CLANG_WARN_BOOL_CONVERSION = YES;
				CLANG_WARN_COMMA = YES;
				CLANG_WARN_CONSTANT_CONVERSION = YES;
				CLANG_WARN_DEPRECATED_OBJC_IMPLEMENTATIONS = YES;
				CLANG_WARN_DIRECT_OBJC_ISA_USAGE = YES_ERROR;
				CLANG_WARN_DOCUMENTATION_COMMENTS = YES;
				CLANG_WARN_EMPTY_BODY = YES;
				CLANG_WARN_ENUM_CONVERSION = YES;
				CLANG_WARN_INFINITE_RECURSION = YES;
				CLANG_WARN_INT_CONVERSION = YES;
				CLANG_WARN_NON_LITERAL_NULL_CONVERSION = YES;
				CLANG_WARN_OBJC_IMPLICIT_RETAIN_SELF = YES;
				CLANG_WARN_OBJC_LITERAL_CONVERSION = YES;
				CLANG_WARN_OBJC_ROOT_CLASS = YES_ERROR;
				CLANG_WARN_QUOTED_INCLUDE_IN_FRAMEWORK_HEADER = YES;
				CLANG_WARN_RANGE_LOOP_ANALYSIS = YES;
				CLANG_WARN_STRICT_PROTOTYPES = YES;
				CLANG_WARN_SUSPICIOUS_MOVE = YES;
				CLANG_WARN_UNGUARDED_AVAILABILITY = YES_AGGRESSIVE;
				CLANG_WARN_UNREACHABLE_CODE = YES;
				CLANG_WARN__DUPLICATE_METHOD_MATCH = YES;
				COPY_PHASE_STRIP = NO;
				DEBUG_INFORMATION_FORMAT = dwarf;
				ENABLE_STRICT_OBJC_MSGSEND = YES;
				ENABLE_TESTABILITY = YES;
				ENABLE_USER_SCRIPT_SANDBOXING = YES;
				GCC_C_LANGUAGE_STANDARD = gnu17;
				GCC_DYNAMIC_NO_PIC = NO;
				GCC_NO_COMMON_BLOCKS = YES;
				GCC_OPTIMIZATION_LEVEL = 0;
				GCC_PREPROCESSOR_DEFINITIONS = (
					"DEBUG=1",
					"$(inherited)",
				);
				GCC_WARN_64_TO_32_BIT_CONVERSION = YES;
				GCC_WARN_ABOUT_RETURN_TYPE = YES_ERROR;
				GCC_WARN_UNDECLARED_SELECTOR = YES;
				GCC_WARN_UNINITIALIZED_AUTOS = YES_AGGRESSIVE;
				GCC_WARN_UNUSED_FUNCTION = YES;
				GCC_WARN_UNUSED_VARIABLE = YES;
				IPHONEOS_DEPLOYMENT_TARGET = 17.2;
				LOCALIZATION_PREFERS_STRING_CATALOGS = YES;
				MTL_ENABLE_DEBUG_INFO = INCLUDE_SOURCE;
				MTL_FAST_MATH = YES;
				ONLY_ACTIVE_ARCH = YES;
				SDKROOT = iphoneos;
				SWIFT_ACTIVE_COMPILATION_CONDITIONS = "DEBUG $(inherited)";
				SWIFT_OPTIMIZATION_LEVEL = "-Onone";
			};
			name = Debug;
		};
		F48094392B389AE7004C9F96 /* Release */ = {
			isa = XCBuildConfiguration;
			buildSettings = {
				ALWAYS_SEARCH_USER_PATHS = NO;
				ASSETCATALOG_COMPILER_GENERATE_SWIFT_ASSET_SYMBOL_EXTENSIONS = YES;
				CLANG_ANALYZER_NONNULL = YES;
				CLANG_ANALYZER_NUMBER_OBJECT_CONVERSION = YES_AGGRESSIVE;
				CLANG_CXX_LANGUAGE_STANDARD = "gnu++20";
				CLANG_ENABLE_MODULES = YES;
				CLANG_ENABLE_OBJC_ARC = YES;
				CLANG_ENABLE_OBJC_WEAK = YES;
				CLANG_WARN_BLOCK_CAPTURE_AUTORELEASING = YES;
				CLANG_WARN_BOOL_CONVERSION = YES;
				CLANG_WARN_COMMA = YES;
				CLANG_WARN_CONSTANT_CONVERSION = YES;
				CLANG_WARN_DEPRECATED_OBJC_IMPLEMENTATIONS = YES;
				CLANG_WARN_DIRECT_OBJC_ISA_USAGE = YES_ERROR;
				CLANG_WARN_DOCUMENTATION_COMMENTS = YES;
				CLANG_WARN_EMPTY_BODY = YES;
				CLANG_WARN_ENUM_CONVERSION = YES;
				CLANG_WARN_INFINITE_RECURSION = YES;
				CLANG_WARN_INT_CONVERSION = YES;
				CLANG_WARN_NON_LITERAL_NULL_CONVERSION = YES;
				CLANG_WARN_OBJC_IMPLICIT_RETAIN_SELF = YES;
				CLANG_WARN_OBJC_LITERAL_CONVERSION = YES;
				CLANG_WARN_OBJC_ROOT_CLASS = YES_ERROR;
				CLANG_WARN_QUOTED_INCLUDE_IN_FRAMEWORK_HEADER = YES;
				CLANG_WARN_RANGE_LOOP_ANALYSIS = YES;
				CLANG_WARN_STRICT_PROTOTYPES = YES;
				CLANG_WARN_SUSPICIOUS_MOVE = YES;
				CLANG_WARN_UNGUARDED_AVAILABILITY = YES_AGGRESSIVE;
				CLANG_WARN_UNREACHABLE_CODE = YES;
				CLANG_WARN__DUPLICATE_METHOD_MATCH = YES;
				COPY_PHASE_STRIP = NO;
				DEBUG_INFORMATION_FORMAT = "dwarf-with-dsym";
				ENABLE_NS_ASSERTIONS = NO;
				ENABLE_STRICT_OBJC_MSGSEND = YES;
				ENABLE_USER_SCRIPT_SANDBOXING = YES;
				GCC_C_LANGUAGE_STANDARD = gnu17;
				GCC_NO_COMMON_BLOCKS = YES;
				GCC_WARN_64_TO_32_BIT_CONVERSION = YES;
				GCC_WARN_ABOUT_RETURN_TYPE = YES_ERROR;
				GCC_WARN_UNDECLARED_SELECTOR = YES;
				GCC_WARN_UNINITIALIZED_AUTOS = YES_AGGRESSIVE;
				GCC_WARN_UNUSED_FUNCTION = YES;
				GCC_WARN_UNUSED_VARIABLE = YES;
				IPHONEOS_DEPLOYMENT_TARGET = 17.2;
				LOCALIZATION_PREFERS_STRING_CATALOGS = YES;
				MTL_ENABLE_DEBUG_INFO = NO;
				MTL_FAST_MATH = YES;
				SDKROOT = iphoneos;
				SWIFT_COMPILATION_MODE = wholemodule;
				VALIDATE_PRODUCT = YES;
			};
			name = Release;
		};
		F480943B2B389AE7004C9F96 /* Debug */ = {
			isa = XCBuildConfiguration;
			buildSettings = {
				ASSETCATALOG_COMPILER_APPICON_NAME = AppIcon;
				ASSETCATALOG_COMPILER_GLOBAL_ACCENT_COLOR_NAME = AccentColor;
				CODE_SIGN_ENTITLEMENTS = MovieApp/MovieApp.entitlements;
				CODE_SIGN_STYLE = Automatic;
				CURRENT_PROJECT_VERSION = 1;
				DEVELOPMENT_TEAM = 87P7GYW9VY;
				GENERATE_INFOPLIST_FILE = YES;
				INFOPLIST_FILE = MovieApp/Info.plist;
				INFOPLIST_KEY_LSApplicationCategoryType = "public.app-category.video";
				INFOPLIST_KEY_UIApplicationSupportsIndirectInputEvents = YES;
				INFOPLIST_KEY_UILaunchStoryboardName = LaunchScreen;
				INFOPLIST_KEY_UISupportedInterfaceOrientations = UIInterfaceOrientationPortrait;
				INFOPLIST_KEY_UISupportedInterfaceOrientations_iPad = "UIInterfaceOrientationLandscapeLeft UIInterfaceOrientationLandscapeRight UIInterfaceOrientationPortrait UIInterfaceOrientationPortraitUpsideDown";
				IPHONEOS_DEPLOYMENT_TARGET = 15.0;
				LD_RUNPATH_SEARCH_PATHS = (
					"$(inherited)",
					"@executable_path/Frameworks",
				);
				MARKETING_VERSION = 1.0;
				PRODUCT_BUNDLE_IDENTIFIER = "Michael-Bolgar.MovieApp";
				PRODUCT_NAME = "$(TARGET_NAME)";
				SUPPORTED_PLATFORMS = "iphoneos iphonesimulator";
				SUPPORTS_MACCATALYST = NO;
				SUPPORTS_MAC_DESIGNED_FOR_IPHONE_IPAD = NO;
				SWIFT_EMIT_LOC_STRINGS = YES;
				SWIFT_VERSION = 5.0;
				TARGETED_DEVICE_FAMILY = 1;
			};
			name = Debug;
		};
		F480943C2B389AE7004C9F96 /* Release */ = {
			isa = XCBuildConfiguration;
			buildSettings = {
				ASSETCATALOG_COMPILER_APPICON_NAME = AppIcon;
				ASSETCATALOG_COMPILER_GLOBAL_ACCENT_COLOR_NAME = AccentColor;
				CODE_SIGN_ENTITLEMENTS = MovieApp/MovieApp.entitlements;
				CODE_SIGN_STYLE = Automatic;
				CURRENT_PROJECT_VERSION = 1;
				DEVELOPMENT_TEAM = MKKVV86K5G;
				GENERATE_INFOPLIST_FILE = YES;
				INFOPLIST_FILE = MovieApp/Info.plist;
				INFOPLIST_KEY_LSApplicationCategoryType = "public.app-category.video";
				INFOPLIST_KEY_UIApplicationSupportsIndirectInputEvents = YES;
				INFOPLIST_KEY_UILaunchStoryboardName = LaunchScreen;
				INFOPLIST_KEY_UISupportedInterfaceOrientations = UIInterfaceOrientationPortrait;
				INFOPLIST_KEY_UISupportedInterfaceOrientations_iPad = "UIInterfaceOrientationLandscapeLeft UIInterfaceOrientationLandscapeRight UIInterfaceOrientationPortrait UIInterfaceOrientationPortraitUpsideDown";
				IPHONEOS_DEPLOYMENT_TARGET = 15.0;
				LD_RUNPATH_SEARCH_PATHS = (
					"$(inherited)",
					"@executable_path/Frameworks",
				);
				MARKETING_VERSION = 1.0;
				PRODUCT_BUNDLE_IDENTIFIER = "Michail-Bolgar.MovieApp";
				PRODUCT_NAME = "$(TARGET_NAME)";
				SUPPORTED_PLATFORMS = "iphoneos iphonesimulator";
				SUPPORTS_MACCATALYST = NO;
				SUPPORTS_MAC_DESIGNED_FOR_IPHONE_IPAD = NO;
				SWIFT_EMIT_LOC_STRINGS = YES;
				SWIFT_VERSION = 5.0;
				TARGETED_DEVICE_FAMILY = 1;
			};
			name = Release;
		};
/* End XCBuildConfiguration section */

/* Begin XCConfigurationList section */
		F48094212B389AE6004C9F96 /* Build configuration list for PBXProject "MovieApp" */ = {
			isa = XCConfigurationList;
			buildConfigurations = (
				F48094382B389AE7004C9F96 /* Debug */,
				F48094392B389AE7004C9F96 /* Release */,
			);
			defaultConfigurationIsVisible = 0;
			defaultConfigurationName = Release;
		};
		F480943A2B389AE7004C9F96 /* Build configuration list for PBXNativeTarget "MovieApp" */ = {
			isa = XCConfigurationList;
			buildConfigurations = (
				F480943B2B389AE7004C9F96 /* Debug */,
				F480943C2B389AE7004C9F96 /* Release */,
			);
			defaultConfigurationIsVisible = 0;
			defaultConfigurationName = Release;
		};
/* End XCConfigurationList section */

/* Begin XCRemoteSwiftPackageReference section */
		3CF904842B3C44DB006E9D51 /* XCRemoteSwiftPackageReference "realm-swift" */ = {
			isa = XCRemoteSwiftPackageReference;
			repositoryURL = "https://github.com/realm/realm-swift.git";
			requirement = {
				branch = master;
				kind = branch;
			};
		};
		F480944E2B38EF35004C9F96 /* XCRemoteSwiftPackageReference "SnapKit" */ = {
			isa = XCRemoteSwiftPackageReference;
			repositoryURL = "https://github.com/SnapKit/SnapKit";
			requirement = {
				kind = upToNextMajorVersion;
				minimumVersion = 5.6.0;
			};
		};
/* End XCRemoteSwiftPackageReference section */

/* Begin XCSwiftPackageProductDependency section */
		3CF904852B3C44DB006E9D51 /* Realm */ = {
			isa = XCSwiftPackageProductDependency;
			package = 3CF904842B3C44DB006E9D51 /* XCRemoteSwiftPackageReference "realm-swift" */;
			productName = Realm;
		};
		3CF904872B3C44DB006E9D51 /* RealmSwift */ = {
			isa = XCSwiftPackageProductDependency;
			package = 3CF904842B3C44DB006E9D51 /* XCRemoteSwiftPackageReference "realm-swift" */;
			productName = RealmSwift;
		};
		F480944F2B38EF35004C9F96 /* SnapKit */ = {
			isa = XCSwiftPackageProductDependency;
			package = F480944E2B38EF35004C9F96 /* XCRemoteSwiftPackageReference "SnapKit" */;
			productName = SnapKit;
		};
/* End XCSwiftPackageProductDependency section */
	};
	rootObject = F480941E2B389AE6004C9F96 /* Project object */;
}
